
Microsoft Visual Studio Solution File, Format Version 11.00
# Visual Studio 2010
Project("{2150E333-8FDC-42A3-9474-1A3956D46DE8}") = "apps", "apps", "{A2BEE529-6052-4AD7-8230-59F98CA7A84F}"
EndProject
Project("{FAE04EC0-301F-11D3-BF4B-00C04F79EFBC}") = "Toe.Editor.net40.vs2010", "Toe.Editor\Toe.Editor.net40.vs2010.csproj", "{F3C887C0-FE2D-46E8-AD77-E8BAB63BFAF1}"
EndProject
Project("{FAE04EC0-301F-11D3-BF4B-00C04F79EFBC}") = "Toe.net40.vs2010", "Toe\Toe.net40.vs2010.csproj", "{069E2F5D-0AB9-4356-9E22-01A8748902A0}"
EndProject
Project("{2150E333-8FDC-42A3-9474-1A3956D46DE8}") = "modules", "modules", "{121C5FE1-22B0-4936-A5D8-D759AEDC6437}"
EndProject
Project("{FAE04EC0-301F-11D3-BF4B-00C04F79EFBC}") = "Toe.Core.net40.vs2010", "Toe.Core\Toe.Core.net40.vs2010.csproj", "{1BAAEFA4-03FB-4FE9-953D-629C1FEF9AA0}"
EndProject
Project("{2150E333-8FDC-42A3-9474-1A3956D46DE8}") = "vsext", "vsext", "{5A08D1E7-3775-4AE4-8D30-56A7EB1700F5}"
EndProject
Project("{FAE04EC0-301F-11D3-BF4B-00C04F79EFBC}") = "ToeVisualStudioExtension.net40.vs2010", "ToeVisualStudioExtension\ToeVisualStudioExtension.net40.vs2010.csproj", "{29717F16-3219-4AE5-A7F4-618E65908DA7}"
EndProject
Project("{FAE04EC0-301F-11D3-BF4B-00C04F79EFBC}") = "Toe.Editors.net40.vs2010", "Toe.Editors\Toe.Editors.net40.vs2010.csproj", "{5FA4A978-FB68-4CB0-B693-FB534C76F2C9}"
EndProject
Project("{FAE04EC0-301F-11D3-BF4B-00C04F79EFBC}") = "Toe.Editors.Interfaces.net40.vs2010", "Toe.Editors.Interfaces\Toe.Editors.Interfaces.net40.vs2010.csproj", "{2B25523C-AA51-43C7-B5F2-41D3F8FBA0AE}"
EndProject
Project("{2150E333-8FDC-42A3-9474-1A3956D46DE8}") = "utils", "utils", "{D36F28DF-62D4-43AA-9D30-496CB5A6D6C1}"
EndProject
Project("{FAE04EC0-301F-11D3-BF4B-00C04F79EFBC}") = "Toe.Utils.Mesh.net40.vs2010", "Toe.Utils.Mesh\Toe.Utils.Mesh.net40.vs2010.csproj", "{1AB2E074-5CE6-4CD6-A379-3D6A58116319}"
EndProject
Project("{FAE04EC0-301F-11D3-BF4B-00C04F79EFBC}") = "Toe.Utils.Mesh.Marmalade.Tests", "Toe.Utils.Marmalade.Tests\Toe.Utils.Mesh.Marmalade.Tests.csproj", "{A9495108-549B-449D-BD92-C615FAA15205}"
EndProject
Project("{2150E333-8FDC-42A3-9474-1A3956D46DE8}") = ".nuget", ".nuget", "{92C292EA-2BE3-466E-858F-362042E8A972}"
	ProjectSection(SolutionItems) = preProject
		.nuget\packages.config = .nuget\packages.config
	EndProjectSection
EndProject
Project("{FAE04EC0-301F-11D3-BF4B-00C04F79EFBC}") = "Toe.Editors.Marmalade.net40.vs2010", "Toe.Editors.Marmalade\Toe.Editors.Marmalade.net40.vs2010.csproj", "{0FBCDE4F-9E57-4D14-BA36-5028C2498A07}"
EndProject
Project("{2150E333-8FDC-42A3-9474-1A3956D46DE8}") = "editor", "editor", "{713D3155-6BD2-4ECB-9F08-F203CA6D82FF}"
EndProject
Project("{FAE04EC0-301F-11D3-BF4B-00C04F79EFBC}") = "Toe.Resources.net40.vs2010", "Toe.Resources\Toe.Resources.net40.vs2010.csproj", "{15C85727-F6FC-4A28-BB34-84C327AEFF81}"
EndProject
Project("{FAE04EC0-301F-11D3-BF4B-00C04F79EFBC}") = "Toe.Gx.net40.vs2010", "Toe.Gx\Toe.Gx.net40.vs2010.csproj", "{1D297D66-08E0-4239-9D2C-0F29F6F5A895}"
EndProject
Project("{FAE04EC0-301F-11D3-BF4B-00C04F79EFBC}") = "Toe.Marmalade.net40.vs2010", "Toe.Marmalade\Toe.Marmalade.net40.vs2010.csproj", "{2708D020-33C1-4A4A-BDB0-035FB9EEDFFD}"
EndProject
Project("{2150E333-8FDC-42A3-9474-1A3956D46DE8}") = "MarmaladeSDK", "MarmaladeSDK", "{6C5CFDE8-804C-4971-B219-E9862A1A40ED}"
EndProject
Project("{FAE04EC0-301F-11D3-BF4B-00C04F79EFBC}") = "Toe.Marmalade.TextFiles", "Toe.Marmalade.TextFiles\Toe.Marmalade.TextFiles.csproj", "{6A49694C-C9B0-4E1D-83B2-2A445B3371FE}"
EndProject
Project("{FAE04EC0-301F-11D3-BF4B-00C04F79EFBC}") = "Toe.Marmalade.BinaryFiles", "Toe.Marmalade.BinaryFiles\Toe.Marmalade.BinaryFiles.csproj", "{F21ACC07-603C-4DA1-8FC6-F30B7EEB44F9}"
EndProject
Project("{FAE04EC0-301F-11D3-BF4B-00C04F79EFBC}") = "Toe.Marmalade.TextureFiles", "Toe.Marmalade.TextureFiles\Toe.Marmalade.TextureFiles.csproj", "{D9ADA8FC-21F7-471D-ABE4-9E289DCBDDC8}"
EndProject
Project("{FAE04EC0-301F-11D3-BF4B-00C04F79EFBC}") = "Toe.Utils.Mesh.Ase", "Toe.Utils.Mesh.Ase\Toe.Utils.Mesh.Ase.csproj", "{9D139D7D-CFAD-4B6A-9862-EB856B36A83E}"
EndProject
Project("{FAE04EC0-301F-11D3-BF4B-00C04F79EFBC}") = "Toe.Utils.TextParser", "Toe.Utils.TextParser\Toe.Utils.TextParser.csproj", "{91EF330C-981F-49F0-8BD6-5D8FA36B2871}"
EndProject
Project("{FAE04EC0-301F-11D3-BF4B-00C04F79EFBC}") = "Toe.Utils.Mesh.Bsp", "Toe.Utils.Mesh.Bsp\Toe.Utils.Mesh.Bsp.csproj", "{845DC17B-7819-4E72-A966-B798A3C912D7}"
EndProject
Project("{FAE04EC0-301F-11D3-BF4B-00C04F79EFBC}") = "Toe.Utils.Mesh.Dae", "Toe.Utils.Mesh.Dae\Toe.Utils.Mesh.Dae.csproj", "{97FFBF0E-0F46-4DB6-83B0-8DF1457E8A47}"
EndProject
Project("{FAE04EC0-301F-11D3-BF4B-00C04F79EFBC}") = "Toe.Utils.Mesh.Dae.Tests", "Toe.Utils.Mesh.Dae.Tests\Toe.Utils.Mesh.Dae.Tests.csproj", "{829599E1-0183-4335-83C6-0A9C4C4BD496}"
EndProject
Project("{FAE04EC0-301F-11D3-BF4B-00C04F79EFBC}") = "Toe.Editors.GenericScene.net40.vs2010", "Toe.Editors.GenericScene\Toe.Editors.GenericScene.net40.vs2010.csproj", "{33ED6B51-D3A5-43C9-9D4F-371576814518}"
EndProject
Project("{2150E333-8FDC-42A3-9474-1A3956D46DE8}") = "systems", "systems", "{DA6FC0C7-40E0-48C2-A123-2ADD5CA01429}"
EndProject
Project("{FAE04EC0-301F-11D3-BF4B-00C04F79EFBC}") = "Toe.WebViewSystem", "Toe.WebViewSystem\Toe.WebViewSystem.csproj", "{206CED32-6894-4529-B401-741E461E0379}"
EndProject
Project("{FAE04EC0-301F-11D3-BF4B-00C04F79EFBC}") = "Toe.LuaScriptingSystem", "Toe.LuaScriptingSystem\Toe.LuaScriptingSystem.csproj", "{5E32AE71-C5B6-4CB5-8733-C6FE793E7A65}"
EndProject
Project("{FAE04EC0-301F-11D3-BF4B-00C04F79EFBC}") = "Toe.Utils", "Toe.Utils\Toe.Utils.csproj", "{7F30E400-0F58-4190-8AE9-111CE57F61E4}"
EndProject
Project("{2150E333-8FDC-42A3-9474-1A3956D46DE8}") = "Solution Items", "Solution Items", "{9A4BCB8E-C2E0-4F24-B8CE-6D6BEF09C3DE}"
EndProject
Project("{2150E333-8FDC-42A3-9474-1A3956D46DE8}") = "CodeSnippets", "CodeSnippets", "{914F2B38-37B6-483B-8EBD-768E6440498C}"
	ProjectSection(SolutionItems) = preProject
		CodeSnippets\propertyWithNotification.snippet = CodeSnippets\propertyWithNotification.snippet
	EndProjectSection
EndProject
Project("{2150E333-8FDC-42A3-9474-1A3956D46DE8}") = "demos", "demos", "{FFD87712-3DD0-4F54-A2E7-EB99D8DDA950}"
EndProject
Project("{FAE04EC0-301F-11D3-BF4B-00C04F79EFBC}") = "Toe.Demo.Silverlight3D", "Toe.Demo.Silverlight3D\Toe.Demo.Silverlight3D.csproj", "{EFA3F486-748E-4E78-B6BC-D10389B7559F}"
EndProject
Global
	GlobalSection(SolutionConfigurationPlatforms) = preSolution
		Debug|Any CPU = Debug|Any CPU
		Debug|Mixed Platforms = Debug|Mixed Platforms
		Debug|Win32 = Debug|Win32
		Debug|x86 = Debug|x86
		Release|Any CPU = Release|Any CPU
		Release|Mixed Platforms = Release|Mixed Platforms
		Release|Win32 = Release|Win32
		Release|x86 = Release|x86
	EndGlobalSection
	GlobalSection(ProjectConfigurationPlatforms) = postSolution
		{F3C887C0-FE2D-46E8-AD77-E8BAB63BFAF1}.Debug|Any CPU.ActiveCfg = Debug|x86
		{F3C887C0-FE2D-46E8-AD77-E8BAB63BFAF1}.Debug|Mixed Platforms.ActiveCfg = Debug|x86
		{F3C887C0-FE2D-46E8-AD77-E8BAB63BFAF1}.Debug|Mixed Platforms.Build.0 = Debug|x86
		{F3C887C0-FE2D-46E8-AD77-E8BAB63BFAF1}.Debug|Win32.ActiveCfg = Debug|x86
		{F3C887C0-FE2D-46E8-AD77-E8BAB63BFAF1}.Debug|x86.ActiveCfg = Debug|x86
		{F3C887C0-FE2D-46E8-AD77-E8BAB63BFAF1}.Debug|x86.Build.0 = Debug|x86
		{F3C887C0-FE2D-46E8-AD77-E8BAB63BFAF1}.Release|Any CPU.ActiveCfg = Release|x86
		{F3C887C0-FE2D-46E8-AD77-E8BAB63BFAF1}.Release|Mixed Platforms.ActiveCfg = Release|x86
		{F3C887C0-FE2D-46E8-AD77-E8BAB63BFAF1}.Release|Mixed Platforms.Build.0 = Release|x86
		{F3C887C0-FE2D-46E8-AD77-E8BAB63BFAF1}.Release|Win32.ActiveCfg = Release|x86
		{F3C887C0-FE2D-46E8-AD77-E8BAB63BFAF1}.Release|x86.ActiveCfg = Release|x86
		{F3C887C0-FE2D-46E8-AD77-E8BAB63BFAF1}.Release|x86.Build.0 = Release|x86
		{069E2F5D-0AB9-4356-9E22-01A8748902A0}.Debug|Any CPU.ActiveCfg = Debug|x86
		{069E2F5D-0AB9-4356-9E22-01A8748902A0}.Debug|Mixed Platforms.ActiveCfg = Debug|x86
		{069E2F5D-0AB9-4356-9E22-01A8748902A0}.Debug|Mixed Platforms.Build.0 = Debug|x86
		{069E2F5D-0AB9-4356-9E22-01A8748902A0}.Debug|Win32.ActiveCfg = Debug|x86
		{069E2F5D-0AB9-4356-9E22-01A8748902A0}.Debug|x86.ActiveCfg = Debug|x86
		{069E2F5D-0AB9-4356-9E22-01A8748902A0}.Debug|x86.Build.0 = Debug|x86
		{069E2F5D-0AB9-4356-9E22-01A8748902A0}.Release|Any CPU.ActiveCfg = Release|x86
		{069E2F5D-0AB9-4356-9E22-01A8748902A0}.Release|Mixed Platforms.ActiveCfg = Release|x86
		{069E2F5D-0AB9-4356-9E22-01A8748902A0}.Release|Mixed Platforms.Build.0 = Release|x86
		{069E2F5D-0AB9-4356-9E22-01A8748902A0}.Release|Win32.ActiveCfg = Release|x86
		{069E2F5D-0AB9-4356-9E22-01A8748902A0}.Release|x86.ActiveCfg = Release|x86
		{069E2F5D-0AB9-4356-9E22-01A8748902A0}.Release|x86.Build.0 = Release|x86
		{1BAAEFA4-03FB-4FE9-953D-629C1FEF9AA0}.Debug|Any CPU.ActiveCfg = Debug|Any CPU
		{1BAAEFA4-03FB-4FE9-953D-629C1FEF9AA0}.Debug|Any CPU.Build.0 = Debug|Any CPU
		{1BAAEFA4-03FB-4FE9-953D-629C1FEF9AA0}.Debug|Mixed Platforms.ActiveCfg = Debug|Any CPU
		{1BAAEFA4-03FB-4FE9-953D-629C1FEF9AA0}.Debug|Mixed Platforms.Build.0 = Debug|Any CPU
		{1BAAEFA4-03FB-4FE9-953D-629C1FEF9AA0}.Debug|Win32.ActiveCfg = Debug|Any CPU
		{1BAAEFA4-03FB-4FE9-953D-629C1FEF9AA0}.Debug|x86.ActiveCfg = Debug|Any CPU
		{1BAAEFA4-03FB-4FE9-953D-629C1FEF9AA0}.Release|Any CPU.ActiveCfg = Release|Any CPU
		{1BAAEFA4-03FB-4FE9-953D-629C1FEF9AA0}.Release|Any CPU.Build.0 = Release|Any CPU
		{1BAAEFA4-03FB-4FE9-953D-629C1FEF9AA0}.Release|Mixed Platforms.ActiveCfg = Release|Any CPU
		{1BAAEFA4-03FB-4FE9-953D-629C1FEF9AA0}.Release|Mixed Platforms.Build.0 = Release|Any CPU
		{1BAAEFA4-03FB-4FE9-953D-629C1FEF9AA0}.Release|Win32.ActiveCfg = Release|Any CPU
		{1BAAEFA4-03FB-4FE9-953D-629C1FEF9AA0}.Release|x86.ActiveCfg = Release|Any CPU
		{29717F16-3219-4AE5-A7F4-618E65908DA7}.Debug|Any CPU.ActiveCfg = Debug|Any CPU
		{29717F16-3219-4AE5-A7F4-618E65908DA7}.Debug|Any CPU.Build.0 = Debug|Any CPU
		{29717F16-3219-4AE5-A7F4-618E65908DA7}.Debug|Mixed Platforms.ActiveCfg = Debug|Any CPU
		{29717F16-3219-4AE5-A7F4-618E65908DA7}.Debug|Mixed Platforms.Build.0 = Debug|Any CPU
		{29717F16-3219-4AE5-A7F4-618E65908DA7}.Debug|Win32.ActiveCfg = Debug|Any CPU
		{29717F16-3219-4AE5-A7F4-618E65908DA7}.Debug|x86.ActiveCfg = Debug|Any CPU
		{29717F16-3219-4AE5-A7F4-618E65908DA7}.Release|Any CPU.ActiveCfg = Release|Any CPU
		{29717F16-3219-4AE5-A7F4-618E65908DA7}.Release|Any CPU.Build.0 = Release|Any CPU
		{29717F16-3219-4AE5-A7F4-618E65908DA7}.Release|Mixed Platforms.ActiveCfg = Release|Any CPU
		{29717F16-3219-4AE5-A7F4-618E65908DA7}.Release|Mixed Platforms.Build.0 = Release|Any CPU
		{29717F16-3219-4AE5-A7F4-618E65908DA7}.Release|Win32.ActiveCfg = Release|Any CPU
		{29717F16-3219-4AE5-A7F4-618E65908DA7}.Release|x86.ActiveCfg = Release|Any CPU
		{5FA4A978-FB68-4CB0-B693-FB534C76F2C9}.Debug|Any CPU.ActiveCfg = Debug|Any CPU
		{5FA4A978-FB68-4CB0-B693-FB534C76F2C9}.Debug|Any CPU.Build.0 = Debug|Any CPU
		{5FA4A978-FB68-4CB0-B693-FB534C76F2C9}.Debug|Mixed Platforms.ActiveCfg = Debug|Any CPU
		{5FA4A978-FB68-4CB0-B693-FB534C76F2C9}.Debug|Mixed Platforms.Build.0 = Debug|Any CPU
		{5FA4A978-FB68-4CB0-B693-FB534C76F2C9}.Debug|Win32.ActiveCfg = Debug|Any CPU
		{5FA4A978-FB68-4CB0-B693-FB534C76F2C9}.Debug|x86.ActiveCfg = Debug|Any CPU
		{5FA4A978-FB68-4CB0-B693-FB534C76F2C9}.Release|Any CPU.ActiveCfg = Release|Any CPU
		{5FA4A978-FB68-4CB0-B693-FB534C76F2C9}.Release|Any CPU.Build.0 = Release|Any CPU
		{5FA4A978-FB68-4CB0-B693-FB534C76F2C9}.Release|Mixed Platforms.ActiveCfg = Release|Any CPU
		{5FA4A978-FB68-4CB0-B693-FB534C76F2C9}.Release|Mixed Platforms.Build.0 = Release|Any CPU
		{5FA4A978-FB68-4CB0-B693-FB534C76F2C9}.Release|Win32.ActiveCfg = Release|Any CPU
		{5FA4A978-FB68-4CB0-B693-FB534C76F2C9}.Release|x86.ActiveCfg = Release|Any CPU
		{2B25523C-AA51-43C7-B5F2-41D3F8FBA0AE}.Debug|Any CPU.ActiveCfg = Debug|Any CPU
		{2B25523C-AA51-43C7-B5F2-41D3F8FBA0AE}.Debug|Any CPU.Build.0 = Debug|Any CPU
		{2B25523C-AA51-43C7-B5F2-41D3F8FBA0AE}.Debug|Mixed Platforms.ActiveCfg = Debug|Any CPU
		{2B25523C-AA51-43C7-B5F2-41D3F8FBA0AE}.Debug|Mixed Platforms.Build.0 = Debug|Any CPU
		{2B25523C-AA51-43C7-B5F2-41D3F8FBA0AE}.Debug|Win32.ActiveCfg = Debug|Any CPU
		{2B25523C-AA51-43C7-B5F2-41D3F8FBA0AE}.Debug|x86.ActiveCfg = Debug|Any CPU
		{2B25523C-AA51-43C7-B5F2-41D3F8FBA0AE}.Release|Any CPU.ActiveCfg = Release|Any CPU
		{2B25523C-AA51-43C7-B5F2-41D3F8FBA0AE}.Release|Any CPU.Build.0 = Release|Any CPU
		{2B25523C-AA51-43C7-B5F2-41D3F8FBA0AE}.Release|Mixed Platforms.ActiveCfg = Release|Any CPU
		{2B25523C-AA51-43C7-B5F2-41D3F8FBA0AE}.Release|Mixed Platforms.Build.0 = Release|Any CPU
		{2B25523C-AA51-43C7-B5F2-41D3F8FBA0AE}.Release|Win32.ActiveCfg = Release|Any CPU
		{2B25523C-AA51-43C7-B5F2-41D3F8FBA0AE}.Release|x86.ActiveCfg = Release|Any CPU
		{1AB2E074-5CE6-4CD6-A379-3D6A58116319}.Debug|Any CPU.ActiveCfg = Debug|Any CPU
		{1AB2E074-5CE6-4CD6-A379-3D6A58116319}.Debug|Any CPU.Build.0 = Debug|Any CPU
		{1AB2E074-5CE6-4CD6-A379-3D6A58116319}.Debug|Mixed Platforms.ActiveCfg = Debug|Any CPU
		{1AB2E074-5CE6-4CD6-A379-3D6A58116319}.Debug|Mixed Platforms.Build.0 = Debug|Any CPU
		{1AB2E074-5CE6-4CD6-A379-3D6A58116319}.Debug|Win32.ActiveCfg = Debug|Any CPU
		{1AB2E074-5CE6-4CD6-A379-3D6A58116319}.Debug|x86.ActiveCfg = Debug|Any CPU
		{1AB2E074-5CE6-4CD6-A379-3D6A58116319}.Release|Any CPU.ActiveCfg = Release|Any CPU
		{1AB2E074-5CE6-4CD6-A379-3D6A58116319}.Release|Any CPU.Build.0 = Release|Any CPU
		{1AB2E074-5CE6-4CD6-A379-3D6A58116319}.Release|Mixed Platforms.ActiveCfg = Release|Any CPU
		{1AB2E074-5CE6-4CD6-A379-3D6A58116319}.Release|Mixed Platforms.Build.0 = Release|Any CPU
		{1AB2E074-5CE6-4CD6-A379-3D6A58116319}.Release|Win32.ActiveCfg = Release|Any CPU
		{1AB2E074-5CE6-4CD6-A379-3D6A58116319}.Release|x86.ActiveCfg = Release|Any CPU
		{A9495108-549B-449D-BD92-C615FAA15205}.Debug|Any CPU.ActiveCfg = Debug|x86
		{A9495108-549B-449D-BD92-C615FAA15205}.Debug|Mixed Platforms.ActiveCfg = Debug|x86
		{A9495108-549B-449D-BD92-C615FAA15205}.Debug|Mixed Platforms.Build.0 = Debug|x86
		{A9495108-549B-449D-BD92-C615FAA15205}.Debug|Win32.ActiveCfg = Debug|x86
		{A9495108-549B-449D-BD92-C615FAA15205}.Debug|x86.ActiveCfg = Debug|x86
		{A9495108-549B-449D-BD92-C615FAA15205}.Debug|x86.Build.0 = Debug|x86
		{A9495108-549B-449D-BD92-C615FAA15205}.Release|Any CPU.ActiveCfg = Release|x86
		{A9495108-549B-449D-BD92-C615FAA15205}.Release|Mixed Platforms.ActiveCfg = Release|x86
		{A9495108-549B-449D-BD92-C615FAA15205}.Release|Mixed Platforms.Build.0 = Release|x86
		{A9495108-549B-449D-BD92-C615FAA15205}.Release|Win32.ActiveCfg = Release|x86
		{A9495108-549B-449D-BD92-C615FAA15205}.Release|x86.ActiveCfg = Release|x86
		{A9495108-549B-449D-BD92-C615FAA15205}.Release|x86.Build.0 = Release|x86
		{0FBCDE4F-9E57-4D14-BA36-5028C2498A07}.Debug|Any CPU.ActiveCfg = Debug|x86
		{0FBCDE4F-9E57-4D14-BA36-5028C2498A07}.Debug|Mixed Platforms.ActiveCfg = Debug|x86
		{0FBCDE4F-9E57-4D14-BA36-5028C2498A07}.Debug|Mixed Platforms.Build.0 = Debug|x86
		{0FBCDE4F-9E57-4D14-BA36-5028C2498A07}.Debug|Win32.ActiveCfg = Debug|x86
		{0FBCDE4F-9E57-4D14-BA36-5028C2498A07}.Debug|x86.ActiveCfg = Debug|x86
		{0FBCDE4F-9E57-4D14-BA36-5028C2498A07}.Debug|x86.Build.0 = Debug|x86
		{0FBCDE4F-9E57-4D14-BA36-5028C2498A07}.Release|Any CPU.ActiveCfg = Release|x86
		{0FBCDE4F-9E57-4D14-BA36-5028C2498A07}.Release|Mixed Platforms.ActiveCfg = Release|x86
		{0FBCDE4F-9E57-4D14-BA36-5028C2498A07}.Release|Mixed Platforms.Build.0 = Release|x86
		{0FBCDE4F-9E57-4D14-BA36-5028C2498A07}.Release|Win32.ActiveCfg = Release|x86
		{0FBCDE4F-9E57-4D14-BA36-5028C2498A07}.Release|x86.ActiveCfg = Release|x86
		{0FBCDE4F-9E57-4D14-BA36-5028C2498A07}.Release|x86.Build.0 = Release|x86
		{15C85727-F6FC-4A28-BB34-84C327AEFF81}.Debug|Any CPU.ActiveCfg = Debug|Any CPU
		{15C85727-F6FC-4A28-BB34-84C327AEFF81}.Debug|Any CPU.Build.0 = Debug|Any CPU
		{15C85727-F6FC-4A28-BB34-84C327AEFF81}.Debug|Mixed Platforms.ActiveCfg = Debug|Any CPU
		{15C85727-F6FC-4A28-BB34-84C327AEFF81}.Debug|Mixed Platforms.Build.0 = Debug|Any CPU
		{15C85727-F6FC-4A28-BB34-84C327AEFF81}.Debug|Win32.ActiveCfg = Debug|Any CPU
		{15C85727-F6FC-4A28-BB34-84C327AEFF81}.Debug|x86.ActiveCfg = Debug|Any CPU
		{15C85727-F6FC-4A28-BB34-84C327AEFF81}.Release|Any CPU.ActiveCfg = Release|Any CPU
		{15C85727-F6FC-4A28-BB34-84C327AEFF81}.Release|Any CPU.Build.0 = Release|Any CPU
		{15C85727-F6FC-4A28-BB34-84C327AEFF81}.Release|Mixed Platforms.ActiveCfg = Release|Any CPU
		{15C85727-F6FC-4A28-BB34-84C327AEFF81}.Release|Mixed Platforms.Build.0 = Release|Any CPU
		{15C85727-F6FC-4A28-BB34-84C327AEFF81}.Release|Win32.ActiveCfg = Release|Any CPU
		{15C85727-F6FC-4A28-BB34-84C327AEFF81}.Release|x86.ActiveCfg = Release|Any CPU
		{1D297D66-08E0-4239-9D2C-0F29F6F5A895}.Debug|Any CPU.ActiveCfg = Debug|Any CPU
		{1D297D66-08E0-4239-9D2C-0F29F6F5A895}.Debug|Any CPU.Build.0 = Debug|Any CPU
		{1D297D66-08E0-4239-9D2C-0F29F6F5A895}.Debug|Mixed Platforms.ActiveCfg = Debug|Any CPU
		{1D297D66-08E0-4239-9D2C-0F29F6F5A895}.Debug|Mixed Platforms.Build.0 = Debug|Any CPU
		{1D297D66-08E0-4239-9D2C-0F29F6F5A895}.Debug|Win32.ActiveCfg = Debug|Any CPU
		{1D297D66-08E0-4239-9D2C-0F29F6F5A895}.Debug|x86.ActiveCfg = Debug|Any CPU
		{1D297D66-08E0-4239-9D2C-0F29F6F5A895}.Release|Any CPU.ActiveCfg = Release|Any CPU
		{1D297D66-08E0-4239-9D2C-0F29F6F5A895}.Release|Any CPU.Build.0 = Release|Any CPU
		{1D297D66-08E0-4239-9D2C-0F29F6F5A895}.Release|Mixed Platforms.ActiveCfg = Release|Any CPU
		{1D297D66-08E0-4239-9D2C-0F29F6F5A895}.Release|Mixed Platforms.Build.0 = Release|Any CPU
		{1D297D66-08E0-4239-9D2C-0F29F6F5A895}.Release|Win32.ActiveCfg = Release|Any CPU
		{1D297D66-08E0-4239-9D2C-0F29F6F5A895}.Release|x86.ActiveCfg = Release|Any CPU
		{2708D020-33C1-4A4A-BDB0-035FB9EEDFFD}.Debug|Any CPU.ActiveCfg = Debug|Any CPU
		{2708D020-33C1-4A4A-BDB0-035FB9EEDFFD}.Debug|Any CPU.Build.0 = Debug|Any CPU
		{2708D020-33C1-4A4A-BDB0-035FB9EEDFFD}.Debug|Mixed Platforms.ActiveCfg = Debug|Any CPU
		{2708D020-33C1-4A4A-BDB0-035FB9EEDFFD}.Debug|Mixed Platforms.Build.0 = Debug|Any CPU
		{2708D020-33C1-4A4A-BDB0-035FB9EEDFFD}.Debug|Win32.ActiveCfg = Debug|Any CPU
		{2708D020-33C1-4A4A-BDB0-035FB9EEDFFD}.Debug|x86.ActiveCfg = Debug|Any CPU
		{2708D020-33C1-4A4A-BDB0-035FB9EEDFFD}.Release|Any CPU.ActiveCfg = Release|Any CPU
		{2708D020-33C1-4A4A-BDB0-035FB9EEDFFD}.Release|Any CPU.Build.0 = Release|Any CPU
		{2708D020-33C1-4A4A-BDB0-035FB9EEDFFD}.Release|Mixed Platforms.ActiveCfg = Release|Any CPU
		{2708D020-33C1-4A4A-BDB0-035FB9EEDFFD}.Release|Mixed Platforms.Build.0 = Release|Any CPU
		{2708D020-33C1-4A4A-BDB0-035FB9EEDFFD}.Release|Win32.ActiveCfg = Release|Any CPU
		{2708D020-33C1-4A4A-BDB0-035FB9EEDFFD}.Release|x86.ActiveCfg = Release|Any CPU
		{6A49694C-C9B0-4E1D-83B2-2A445B3371FE}.Debug|Any CPU.ActiveCfg = Debug|Any CPU
		{6A49694C-C9B0-4E1D-83B2-2A445B3371FE}.Debug|Any CPU.Build.0 = Debug|Any CPU
		{6A49694C-C9B0-4E1D-83B2-2A445B3371FE}.Debug|Mixed Platforms.ActiveCfg = Debug|Any CPU
		{6A49694C-C9B0-4E1D-83B2-2A445B3371FE}.Debug|Mixed Platforms.Build.0 = Debug|Any CPU
		{6A49694C-C9B0-4E1D-83B2-2A445B3371FE}.Debug|Win32.ActiveCfg = Debug|Any CPU
		{6A49694C-C9B0-4E1D-83B2-2A445B3371FE}.Debug|x86.ActiveCfg = Debug|Any CPU
		{6A49694C-C9B0-4E1D-83B2-2A445B3371FE}.Release|Any CPU.ActiveCfg = Release|Any CPU
		{6A49694C-C9B0-4E1D-83B2-2A445B3371FE}.Release|Any CPU.Build.0 = Release|Any CPU
		{6A49694C-C9B0-4E1D-83B2-2A445B3371FE}.Release|Mixed Platforms.ActiveCfg = Release|Any CPU
		{6A49694C-C9B0-4E1D-83B2-2A445B3371FE}.Release|Mixed Platforms.Build.0 = Release|Any CPU
		{6A49694C-C9B0-4E1D-83B2-2A445B3371FE}.Release|Win32.ActiveCfg = Release|Any CPU
		{6A49694C-C9B0-4E1D-83B2-2A445B3371FE}.Release|x86.ActiveCfg = Release|Any CPU
		{F21ACC07-603C-4DA1-8FC6-F30B7EEB44F9}.Debug|Any CPU.ActiveCfg = Debug|Any CPU
		{F21ACC07-603C-4DA1-8FC6-F30B7EEB44F9}.Debug|Any CPU.Build.0 = Debug|Any CPU
		{F21ACC07-603C-4DA1-8FC6-F30B7EEB44F9}.Debug|Mixed Platforms.ActiveCfg = Debug|Any CPU
		{F21ACC07-603C-4DA1-8FC6-F30B7EEB44F9}.Debug|Mixed Platforms.Build.0 = Debug|Any CPU
		{F21ACC07-603C-4DA1-8FC6-F30B7EEB44F9}.Debug|Win32.ActiveCfg = Debug|Any CPU
		{F21ACC07-603C-4DA1-8FC6-F30B7EEB44F9}.Debug|x86.ActiveCfg = Debug|Any CPU
		{F21ACC07-603C-4DA1-8FC6-F30B7EEB44F9}.Release|Any CPU.ActiveCfg = Release|Any CPU
		{F21ACC07-603C-4DA1-8FC6-F30B7EEB44F9}.Release|Any CPU.Build.0 = Release|Any CPU
		{F21ACC07-603C-4DA1-8FC6-F30B7EEB44F9}.Release|Mixed Platforms.ActiveCfg = Release|Any CPU
		{F21ACC07-603C-4DA1-8FC6-F30B7EEB44F9}.Release|Mixed Platforms.Build.0 = Release|Any CPU
		{F21ACC07-603C-4DA1-8FC6-F30B7EEB44F9}.Release|Win32.ActiveCfg = Release|Any CPU
		{F21ACC07-603C-4DA1-8FC6-F30B7EEB44F9}.Release|x86.ActiveCfg = Release|Any CPU
		{D9ADA8FC-21F7-471D-ABE4-9E289DCBDDC8}.Debug|Any CPU.ActiveCfg = Debug|Any CPU
		{D9ADA8FC-21F7-471D-ABE4-9E289DCBDDC8}.Debug|Any CPU.Build.0 = Debug|Any CPU
		{D9ADA8FC-21F7-471D-ABE4-9E289DCBDDC8}.Debug|Mixed Platforms.ActiveCfg = Debug|Any CPU
		{D9ADA8FC-21F7-471D-ABE4-9E289DCBDDC8}.Debug|Mixed Platforms.Build.0 = Debug|Any CPU
		{D9ADA8FC-21F7-471D-ABE4-9E289DCBDDC8}.Debug|Win32.ActiveCfg = Debug|Any CPU
		{D9ADA8FC-21F7-471D-ABE4-9E289DCBDDC8}.Debug|x86.ActiveCfg = Debug|Any CPU
		{D9ADA8FC-21F7-471D-ABE4-9E289DCBDDC8}.Release|Any CPU.ActiveCfg = Release|Any CPU
		{D9ADA8FC-21F7-471D-ABE4-9E289DCBDDC8}.Release|Any CPU.Build.0 = Release|Any CPU
		{D9ADA8FC-21F7-471D-ABE4-9E289DCBDDC8}.Release|Mixed Platforms.ActiveCfg = Release|Any CPU
		{D9ADA8FC-21F7-471D-ABE4-9E289DCBDDC8}.Release|Mixed Platforms.Build.0 = Release|Any CPU
		{D9ADA8FC-21F7-471D-ABE4-9E289DCBDDC8}.Release|Win32.ActiveCfg = Release|Any CPU
		{D9ADA8FC-21F7-471D-ABE4-9E289DCBDDC8}.Release|x86.ActiveCfg = Release|Any CPU
		{9D139D7D-CFAD-4B6A-9862-EB856B36A83E}.Debug|Any CPU.ActiveCfg = Debug|Any CPU
		{9D139D7D-CFAD-4B6A-9862-EB856B36A83E}.Debug|Any CPU.Build.0 = Debug|Any CPU
		{9D139D7D-CFAD-4B6A-9862-EB856B36A83E}.Debug|Mixed Platforms.ActiveCfg = Debug|Any CPU
		{9D139D7D-CFAD-4B6A-9862-EB856B36A83E}.Debug|Mixed Platforms.Build.0 = Debug|Any CPU
		{9D139D7D-CFAD-4B6A-9862-EB856B36A83E}.Debug|Win32.ActiveCfg = Debug|Any CPU
		{9D139D7D-CFAD-4B6A-9862-EB856B36A83E}.Debug|x86.ActiveCfg = Debug|Any CPU
		{9D139D7D-CFAD-4B6A-9862-EB856B36A83E}.Release|Any CPU.ActiveCfg = Release|Any CPU
		{9D139D7D-CFAD-4B6A-9862-EB856B36A83E}.Release|Any CPU.Build.0 = Release|Any CPU
		{9D139D7D-CFAD-4B6A-9862-EB856B36A83E}.Release|Mixed Platforms.ActiveCfg = Release|Any CPU
		{9D139D7D-CFAD-4B6A-9862-EB856B36A83E}.Release|Mixed Platforms.Build.0 = Release|Any CPU
		{9D139D7D-CFAD-4B6A-9862-EB856B36A83E}.Release|Win32.ActiveCfg = Release|Any CPU
		{9D139D7D-CFAD-4B6A-9862-EB856B36A83E}.Release|x86.ActiveCfg = Release|Any CPU
		{91EF330C-981F-49F0-8BD6-5D8FA36B2871}.Debug|Any CPU.ActiveCfg = Debug|Any CPU
		{91EF330C-981F-49F0-8BD6-5D8FA36B2871}.Debug|Any CPU.Build.0 = Debug|Any CPU
		{91EF330C-981F-49F0-8BD6-5D8FA36B2871}.Debug|Mixed Platforms.ActiveCfg = Debug|Any CPU
		{91EF330C-981F-49F0-8BD6-5D8FA36B2871}.Debug|Mixed Platforms.Build.0 = Debug|Any CPU
		{91EF330C-981F-49F0-8BD6-5D8FA36B2871}.Debug|Win32.ActiveCfg = Debug|Any CPU
		{91EF330C-981F-49F0-8BD6-5D8FA36B2871}.Debug|x86.ActiveCfg = Debug|Any CPU
		{91EF330C-981F-49F0-8BD6-5D8FA36B2871}.Release|Any CPU.ActiveCfg = Release|Any CPU
		{91EF330C-981F-49F0-8BD6-5D8FA36B2871}.Release|Any CPU.Build.0 = Release|Any CPU
		{91EF330C-981F-49F0-8BD6-5D8FA36B2871}.Release|Mixed Platforms.ActiveCfg = Release|Any CPU
		{91EF330C-981F-49F0-8BD6-5D8FA36B2871}.Release|Mixed Platforms.Build.0 = Release|Any CPU
		{91EF330C-981F-49F0-8BD6-5D8FA36B2871}.Release|Win32.ActiveCfg = Release|Any CPU
		{91EF330C-981F-49F0-8BD6-5D8FA36B2871}.Release|x86.ActiveCfg = Release|Any CPU
		{845DC17B-7819-4E72-A966-B798A3C912D7}.Debug|Any CPU.ActiveCfg = Debug|Any CPU
		{845DC17B-7819-4E72-A966-B798A3C912D7}.Debug|Any CPU.Build.0 = Debug|Any CPU
		{845DC17B-7819-4E72-A966-B798A3C912D7}.Debug|Mixed Platforms.ActiveCfg = Debug|Any CPU
		{845DC17B-7819-4E72-A966-B798A3C912D7}.Debug|Mixed Platforms.Build.0 = Debug|Any CPU
		{845DC17B-7819-4E72-A966-B798A3C912D7}.Debug|Win32.ActiveCfg = Debug|Any CPU
		{845DC17B-7819-4E72-A966-B798A3C912D7}.Debug|x86.ActiveCfg = Debug|Any CPU
		{845DC17B-7819-4E72-A966-B798A3C912D7}.Release|Any CPU.ActiveCfg = Release|Any CPU
		{845DC17B-7819-4E72-A966-B798A3C912D7}.Release|Any CPU.Build.0 = Release|Any CPU
		{845DC17B-7819-4E72-A966-B798A3C912D7}.Release|Mixed Platforms.ActiveCfg = Release|Any CPU
		{845DC17B-7819-4E72-A966-B798A3C912D7}.Release|Mixed Platforms.Build.0 = Release|Any CPU
		{845DC17B-7819-4E72-A966-B798A3C912D7}.Release|Win32.ActiveCfg = Release|Any CPU
		{845DC17B-7819-4E72-A966-B798A3C912D7}.Release|x86.ActiveCfg = Release|Any CPU
		{97FFBF0E-0F46-4DB6-83B0-8DF1457E8A47}.Debug|Any CPU.ActiveCfg = Debug|Any CPU
		{97FFBF0E-0F46-4DB6-83B0-8DF1457E8A47}.Debug|Any CPU.Build.0 = Debug|Any CPU
		{97FFBF0E-0F46-4DB6-83B0-8DF1457E8A47}.Debug|Mixed Platforms.ActiveCfg = Debug|Any CPU
		{97FFBF0E-0F46-4DB6-83B0-8DF1457E8A47}.Debug|Mixed Platforms.Build.0 = Debug|Any CPU
		{97FFBF0E-0F46-4DB6-83B0-8DF1457E8A47}.Debug|Win32.ActiveCfg = Debug|Any CPU
		{97FFBF0E-0F46-4DB6-83B0-8DF1457E8A47}.Debug|x86.ActiveCfg = Debug|Any CPU
		{97FFBF0E-0F46-4DB6-83B0-8DF1457E8A47}.Release|Any CPU.ActiveCfg = Release|Any CPU
		{97FFBF0E-0F46-4DB6-83B0-8DF1457E8A47}.Release|Any CPU.Build.0 = Release|Any CPU
		{97FFBF0E-0F46-4DB6-83B0-8DF1457E8A47}.Release|Mixed Platforms.ActiveCfg = Release|Any CPU
		{97FFBF0E-0F46-4DB6-83B0-8DF1457E8A47}.Release|Mixed Platforms.Build.0 = Release|Any CPU
		{97FFBF0E-0F46-4DB6-83B0-8DF1457E8A47}.Release|Win32.ActiveCfg = Release|Any CPU
		{97FFBF0E-0F46-4DB6-83B0-8DF1457E8A47}.Release|x86.ActiveCfg = Release|Any CPU
		{829599E1-0183-4335-83C6-0A9C4C4BD496}.Debug|Any CPU.ActiveCfg = Debug|x86
		{829599E1-0183-4335-83C6-0A9C4C4BD496}.Debug|Mixed Platforms.ActiveCfg = Debug|x86
		{829599E1-0183-4335-83C6-0A9C4C4BD496}.Debug|Mixed Platforms.Build.0 = Debug|x86
		{829599E1-0183-4335-83C6-0A9C4C4BD496}.Debug|Win32.ActiveCfg = Debug|x86
		{829599E1-0183-4335-83C6-0A9C4C4BD496}.Debug|x86.ActiveCfg = Debug|x86
		{829599E1-0183-4335-83C6-0A9C4C4BD496}.Debug|x86.Build.0 = Debug|x86
		{829599E1-0183-4335-83C6-0A9C4C4BD496}.Release|Any CPU.ActiveCfg = Release|x86
		{829599E1-0183-4335-83C6-0A9C4C4BD496}.Release|Mixed Platforms.ActiveCfg = Release|x86
		{829599E1-0183-4335-83C6-0A9C4C4BD496}.Release|Mixed Platforms.Build.0 = Release|x86
		{829599E1-0183-4335-83C6-0A9C4C4BD496}.Release|Win32.ActiveCfg = Release|x86
		{829599E1-0183-4335-83C6-0A9C4C4BD496}.Release|x86.ActiveCfg = Release|x86
		{829599E1-0183-4335-83C6-0A9C4C4BD496}.Release|x86.Build.0 = Release|x86
		{33ED6B51-D3A5-43C9-9D4F-371576814518}.Debug|Any CPU.ActiveCfg = Debug|Any CPU
		{33ED6B51-D3A5-43C9-9D4F-371576814518}.Debug|Any CPU.Build.0 = Debug|Any CPU
		{33ED6B51-D3A5-43C9-9D4F-371576814518}.Debug|Mixed Platforms.ActiveCfg = Debug|Any CPU
		{33ED6B51-D3A5-43C9-9D4F-371576814518}.Debug|Mixed Platforms.Build.0 = Debug|Any CPU
		{33ED6B51-D3A5-43C9-9D4F-371576814518}.Debug|Win32.ActiveCfg = Debug|Any CPU
		{33ED6B51-D3A5-43C9-9D4F-371576814518}.Debug|x86.ActiveCfg = Debug|Any CPU
		{33ED6B51-D3A5-43C9-9D4F-371576814518}.Release|Any CPU.ActiveCfg = Release|Any CPU
		{33ED6B51-D3A5-43C9-9D4F-371576814518}.Release|Any CPU.Build.0 = Release|Any CPU
		{33ED6B51-D3A5-43C9-9D4F-371576814518}.Release|Mixed Platforms.ActiveCfg = Release|Any CPU
		{33ED6B51-D3A5-43C9-9D4F-371576814518}.Release|Mixed Platforms.Build.0 = Release|Any CPU
		{33ED6B51-D3A5-43C9-9D4F-371576814518}.Release|Win32.ActiveCfg = Release|Any CPU
		{33ED6B51-D3A5-43C9-9D4F-371576814518}.Release|x86.ActiveCfg = Release|Any CPU
		{206CED32-6894-4529-B401-741E461E0379}.Debug|Any CPU.ActiveCfg = Debug|Any CPU
		{206CED32-6894-4529-B401-741E461E0379}.Debug|Any CPU.Build.0 = Debug|Any CPU
		{206CED32-6894-4529-B401-741E461E0379}.Debug|Mixed Platforms.ActiveCfg = Debug|Any CPU
		{206CED32-6894-4529-B401-741E461E0379}.Debug|Mixed Platforms.Build.0 = Debug|Any CPU
		{206CED32-6894-4529-B401-741E461E0379}.Debug|Win32.ActiveCfg = Debug|Any CPU
		{206CED32-6894-4529-B401-741E461E0379}.Debug|x86.ActiveCfg = Debug|Any CPU
		{206CED32-6894-4529-B401-741E461E0379}.Release|Any CPU.ActiveCfg = Release|Any CPU
		{206CED32-6894-4529-B401-741E461E0379}.Release|Any CPU.Build.0 = Release|Any CPU
		{206CED32-6894-4529-B401-741E461E0379}.Release|Mixed Platforms.ActiveCfg = Release|Any CPU
		{206CED32-6894-4529-B401-741E461E0379}.Release|Mixed Platforms.Build.0 = Release|Any CPU
		{206CED32-6894-4529-B401-741E461E0379}.Release|Win32.ActiveCfg = Release|Any CPU
		{206CED32-6894-4529-B401-741E461E0379}.Release|x86.ActiveCfg = Release|Any CPU
		{5E32AE71-C5B6-4CB5-8733-C6FE793E7A65}.Debug|Any CPU.ActiveCfg = Debug|Any CPU
		{5E32AE71-C5B6-4CB5-8733-C6FE793E7A65}.Debug|Any CPU.Build.0 = Debug|Any CPU
		{5E32AE71-C5B6-4CB5-8733-C6FE793E7A65}.Debug|Mixed Platforms.ActiveCfg = Debug|Any CPU
		{5E32AE71-C5B6-4CB5-8733-C6FE793E7A65}.Debug|Mixed Platforms.Build.0 = Debug|Any CPU
		{5E32AE71-C5B6-4CB5-8733-C6FE793E7A65}.Debug|Win32.ActiveCfg = Debug|Any CPU
		{5E32AE71-C5B6-4CB5-8733-C6FE793E7A65}.Debug|x86.ActiveCfg = Debug|Any CPU
		{5E32AE71-C5B6-4CB5-8733-C6FE793E7A65}.Release|Any CPU.ActiveCfg = Release|Any CPU
		{5E32AE71-C5B6-4CB5-8733-C6FE793E7A65}.Release|Any CPU.Build.0 = Release|Any CPU
		{5E32AE71-C5B6-4CB5-8733-C6FE793E7A65}.Release|Mixed Platforms.ActiveCfg = Release|Any CPU
		{5E32AE71-C5B6-4CB5-8733-C6FE793E7A65}.Release|Mixed Platforms.Build.0 = Release|Any CPU
		{5E32AE71-C5B6-4CB5-8733-C6FE793E7A65}.Release|Win32.ActiveCfg = Release|Any CPU
		{5E32AE71-C5B6-4CB5-8733-C6FE793E7A65}.Release|x86.ActiveCfg = Release|Any CPU
		{7F30E400-0F58-4190-8AE9-111CE57F61E4}.Debug|Any CPU.ActiveCfg = Debug|Any CPU
		{7F30E400-0F58-4190-8AE9-111CE57F61E4}.Debug|Any CPU.Build.0 = Debug|Any CPU
		{7F30E400-0F58-4190-8AE9-111CE57F61E4}.Debug|Mixed Platforms.ActiveCfg = Debug|Any CPU
		{7F30E400-0F58-4190-8AE9-111CE57F61E4}.Debug|Mixed Platforms.Build.0 = Debug|Any CPU
		{7F30E400-0F58-4190-8AE9-111CE57F61E4}.Debug|Win32.ActiveCfg = Debug|Any CPU
		{7F30E400-0F58-4190-8AE9-111CE57F61E4}.Debug|x86.ActiveCfg = Debug|Any CPU
		{7F30E400-0F58-4190-8AE9-111CE57F61E4}.Release|Any CPU.ActiveCfg = Release|Any CPU
		{7F30E400-0F58-4190-8AE9-111CE57F61E4}.Release|Any CPU.Build.0 = Release|Any CPU
		{7F30E400-0F58-4190-8AE9-111CE57F61E4}.Release|Mixed Platforms.ActiveCfg = Release|Any CPU
		{7F30E400-0F58-4190-8AE9-111CE57F61E4}.Release|Mixed Platforms.Build.0 = Release|Any CPU
		{7F30E400-0F58-4190-8AE9-111CE57F61E4}.Release|Win32.ActiveCfg = Release|Any CPU
		{7F30E400-0F58-4190-8AE9-111CE57F61E4}.Release|x86.ActiveCfg = Release|Any CPU
		{EFA3F486-748E-4E78-B6BC-D10389B7559F}.Debug|Any CPU.ActiveCfg = Debug|Any CPU
		{EFA3F486-748E-4E78-B6BC-D10389B7559F}.Debug|Any CPU.Build.0 = Debug|Any CPU
		{EFA3F486-748E-4E78-B6BC-D10389B7559F}.Debug|Mixed Platforms.ActiveCfg = Debug|Any CPU
		{EFA3F486-748E-4E78-B6BC-D10389B7559F}.Debug|Mixed Platforms.Build.0 = Debug|Any CPU
		{EFA3F486-748E-4E78-B6BC-D10389B7559F}.Debug|Win32.ActiveCfg = Debug|Any CPU
		{EFA3F486-748E-4E78-B6BC-D10389B7559F}.Debug|x86.ActiveCfg = Debug|Any CPU
		{EFA3F486-748E-4E78-B6BC-D10389B7559F}.Release|Any CPU.ActiveCfg = Release|Any CPU
		{EFA3F486-748E-4E78-B6BC-D10389B7559F}.Release|Any CPU.Build.0 = Release|Any CPU
		{EFA3F486-748E-4E78-B6BC-D10389B7559F}.Release|Mixed Platforms.ActiveCfg = Release|Any CPU
		{EFA3F486-748E-4E78-B6BC-D10389B7559F}.Release|Mixed Platforms.Build.0 = Release|Any CPU
		{EFA3F486-748E-4E78-B6BC-D10389B7559F}.Release|Win32.ActiveCfg = Release|Any CPU
		{EFA3F486-748E-4E78-B6BC-D10389B7559F}.Release|x86.ActiveCfg = Release|Any CPU
	EndGlobalSection
	GlobalSection(SolutionProperties) = preSolution
		HideSolutionNode = FALSE
	EndGlobalSection
	GlobalSection(NestedProjects) = preSolution
		{F3C887C0-FE2D-46E8-AD77-E8BAB63BFAF1} = {A2BEE529-6052-4AD7-8230-59F98CA7A84F}
		{069E2F5D-0AB9-4356-9E22-01A8748902A0} = {A2BEE529-6052-4AD7-8230-59F98CA7A84F}
		{1BAAEFA4-03FB-4FE9-953D-629C1FEF9AA0} = {121C5FE1-22B0-4936-A5D8-D759AEDC6437}
		{6C5CFDE8-804C-4971-B219-E9862A1A40ED} = {121C5FE1-22B0-4936-A5D8-D759AEDC6437}
		{15C85727-F6FC-4A28-BB34-84C327AEFF81} = {121C5FE1-22B0-4936-A5D8-D759AEDC6437}
		{1D297D66-08E0-4239-9D2C-0F29F6F5A895} = {121C5FE1-22B0-4936-A5D8-D759AEDC6437}
		{DA6FC0C7-40E0-48C2-A123-2ADD5CA01429} = {121C5FE1-22B0-4936-A5D8-D759AEDC6437}
		{7F30E400-0F58-4190-8AE9-111CE57F61E4} = {121C5FE1-22B0-4936-A5D8-D759AEDC6437}
		{29717F16-3219-4AE5-A7F4-618E65908DA7} = {5A08D1E7-3775-4AE4-8D30-56A7EB1700F5}
		{2B25523C-AA51-43C7-B5F2-41D3F8FBA0AE} = {713D3155-6BD2-4ECB-9F08-F203CA6D82FF}
		{0FBCDE4F-9E57-4D14-BA36-5028C2498A07} = {713D3155-6BD2-4ECB-9F08-F203CA6D82FF}
		{5FA4A978-FB68-4CB0-B693-FB534C76F2C9} = {713D3155-6BD2-4ECB-9F08-F203CA6D82FF}
		{33ED6B51-D3A5-43C9-9D4F-371576814518} = {713D3155-6BD2-4ECB-9F08-F203CA6D82FF}
		{1AB2E074-5CE6-4CD6-A379-3D6A58116319} = {D36F28DF-62D4-43AA-9D30-496CB5A6D6C1}
		{9D139D7D-CFAD-4B6A-9862-EB856B36A83E} = {D36F28DF-62D4-43AA-9D30-496CB5A6D6C1}
		{91EF330C-981F-49F0-8BD6-5D8FA36B2871} = {D36F28DF-62D4-43AA-9D30-496CB5A6D6C1}
		{845DC17B-7819-4E72-A966-B798A3C912D7} = {D36F28DF-62D4-43AA-9D30-496CB5A6D6C1}
		{97FFBF0E-0F46-4DB6-83B0-8DF1457E8A47} = {D36F28DF-62D4-43AA-9D30-496CB5A6D6C1}
		{829599E1-0183-4335-83C6-0A9C4C4BD496} = {D36F28DF-62D4-43AA-9D30-496CB5A6D6C1}
		{2708D020-33C1-4A4A-BDB0-035FB9EEDFFD} = {6C5CFDE8-804C-4971-B219-E9862A1A40ED}
		{A9495108-549B-449D-BD92-C615FAA15205} = {6C5CFDE8-804C-4971-B219-E9862A1A40ED}
		{6A49694C-C9B0-4E1D-83B2-2A445B3371FE} = {6C5CFDE8-804C-4971-B219-E9862A1A40ED}
		{F21ACC07-603C-4DA1-8FC6-F30B7EEB44F9} = {6C5CFDE8-804C-4971-B219-E9862A1A40ED}
		{D9ADA8FC-21F7-471D-ABE4-9E289DCBDDC8} = {6C5CFDE8-804C-4971-B219-E9862A1A40ED}
		{206CED32-6894-4529-B401-741E461E0379} = {DA6FC0C7-40E0-48C2-A123-2ADD5CA01429}
		{5E32AE71-C5B6-4CB5-8733-C6FE793E7A65} = {DA6FC0C7-40E0-48C2-A123-2ADD5CA01429}
		{914F2B38-37B6-483B-8EBD-768E6440498C} = {9A4BCB8E-C2E0-4F24-B8CE-6D6BEF09C3DE}
		{EFA3F486-748E-4E78-B6BC-D10389B7559F} = {FFD87712-3DD0-4F54-A2E7-EB99D8DDA950}
	EndGlobalSection
EndGlobal
