
Microsoft Visual Studio Solution File, Format Version 12.00
# Visual Studio 2012
Project("{FAE04EC0-301F-11D3-BF4B-00C04F79EFBC}") = "ToeVisualStudioExtension.net40.vs2012", "ToeVisualStudioExtension\ToeVisualStudioExtension.net40.vs2012.csproj", "{29717F16-3219-4AE5-A7F4-618E65908DA7}"
EndProject
Project("{2150E333-8FDC-42A3-9474-1A3956D46DE8}") = "vsext", "vsext", "{F6A23CD6-BB95-4C80-B72F-46978E4071DE}"
EndProject
Project("{FAE04EC0-301F-11D3-BF4B-00C04F79EFBC}") = "Toe.Editor.net40.vs2010", "Toe.Editor\Toe.Editor.net40.vs2010.csproj", "{F3C887C0-FE2D-46E8-AD77-E8BAB63BFAF1}"
EndProject
Project("{FAE04EC0-301F-11D3-BF4B-00C04F79EFBC}") = "Toe.Editors.GenericScene.net40.vs2010", "Toe.Editors.GenericScene\Toe.Editors.GenericScene.net40.vs2010.csproj", "{33ED6B51-D3A5-43C9-9D4F-371576814518}"
EndProject
Project("{FAE04EC0-301F-11D3-BF4B-00C04F79EFBC}") = "Toe.Editors.Interfaces.net40.vs2010", "Toe.Editors.Interfaces\Toe.Editors.Interfaces.net40.vs2010.csproj", "{2B25523C-AA51-43C7-B5F2-41D3F8FBA0AE}"
EndProject
Project("{FAE04EC0-301F-11D3-BF4B-00C04F79EFBC}") = "Toe.Editors.Marmalade.net40.vs2010", "Toe.Editors.Marmalade\Toe.Editors.Marmalade.net40.vs2010.csproj", "{0FBCDE4F-9E57-4D14-BA36-5028C2498A07}"
EndProject
Project("{FAE04EC0-301F-11D3-BF4B-00C04F79EFBC}") = "Toe.Editors.net40.vs2010", "Toe.Editors\Toe.Editors.net40.vs2010.csproj", "{5FA4A978-FB68-4CB0-B693-FB534C76F2C9}"
EndProject
Project("{FAE04EC0-301F-11D3-BF4B-00C04F79EFBC}") = "Toe.Gx.net40.vs2010", "Toe.Gx\Toe.Gx.net40.vs2010.csproj", "{1D297D66-08E0-4239-9D2C-0F29F6F5A895}"
EndProject
Project("{FAE04EC0-301F-11D3-BF4B-00C04F79EFBC}") = "Toe.Marmalade.BinaryFiles", "Toe.Marmalade.BinaryFiles\Toe.Marmalade.BinaryFiles.csproj", "{F21ACC07-603C-4DA1-8FC6-F30B7EEB44F9}"
EndProject
Project("{FAE04EC0-301F-11D3-BF4B-00C04F79EFBC}") = "Toe.Marmalade.net40.vs2010", "Toe.Marmalade\Toe.Marmalade.net40.vs2010.csproj", "{2708D020-33C1-4A4A-BDB0-035FB9EEDFFD}"
EndProject
Project("{FAE04EC0-301F-11D3-BF4B-00C04F79EFBC}") = "Toe.Utils.Mesh.Svg", "Toe.Utils.Mesh.Svg\Toe.Utils.Mesh.Svg.csproj", "{41C92C10-7049-4106-A09F-069BB66AFEED}"
EndProject
Project("{FAE04EC0-301F-11D3-BF4B-00C04F79EFBC}") = "Toe.Utils.Mesh.Ase", "Toe.Utils.Mesh.Ase\Toe.Utils.Mesh.Ase.csproj", "{9D139D7D-CFAD-4B6A-9862-EB856B36A83E}"
EndProject
Project("{FAE04EC0-301F-11D3-BF4B-00C04F79EFBC}") = "Toe.Utils.Mesh.Bsp", "Toe.Utils.Mesh.Bsp\Toe.Utils.Mesh.Bsp.csproj", "{845DC17B-7819-4E72-A966-B798A3C912D7}"
EndProject
Project("{FAE04EC0-301F-11D3-BF4B-00C04F79EFBC}") = "Toe.Marmalade.TextFiles", "Toe.Marmalade.TextFiles\Toe.Marmalade.TextFiles.csproj", "{6A49694C-C9B0-4E1D-83B2-2A445B3371FE}"
EndProject
Project("{FAE04EC0-301F-11D3-BF4B-00C04F79EFBC}") = "Toe.Marmalade.TextureFiles", "Toe.Marmalade.TextureFiles\Toe.Marmalade.TextureFiles.csproj", "{D9ADA8FC-21F7-471D-ABE4-9E289DCBDDC8}"
EndProject
Project("{FAE04EC0-301F-11D3-BF4B-00C04F79EFBC}") = "Toe.Resources.net40.vs2010", "Toe.Resources\Toe.Resources.net40.vs2010.csproj", "{15C85727-F6FC-4A28-BB34-84C327AEFF81}"
EndProject
Project("{FAE04EC0-301F-11D3-BF4B-00C04F79EFBC}") = "Toe.Utils.Mesh.Dae", "Toe.Utils.Mesh.Dae\Toe.Utils.Mesh.Dae.csproj", "{97FFBF0E-0F46-4DB6-83B0-8DF1457E8A47}"
EndProject
Project("{FAE04EC0-301F-11D3-BF4B-00C04F79EFBC}") = "Toe.Utils.Mesh.net40.vs2010", "Toe.Utils.Mesh\Toe.Utils.Mesh.net40.vs2010.csproj", "{1AB2E074-5CE6-4CD6-A379-3D6A58116319}"
EndProject
Project("{2150E333-8FDC-42A3-9474-1A3956D46DE8}") = "nuget", "nuget", "{63E004B4-2399-4BD0-B448-094BC3AF3A7E}"
EndProject
Project("{FAE04EC0-301F-11D3-BF4B-00C04F79EFBC}") = "Toe.Utils", "Toe.Utils\Toe.Utils.csproj", "{7F30E400-0F58-4190-8AE9-111CE57F61E4}"
EndProject
Project("{FAE04EC0-301F-11D3-BF4B-00C04F79EFBC}") = "Toe.Utils.TextParser", "Toe.Utils.TextParser\Toe.Utils.TextParser.csproj", "{91EF330C-981F-49F0-8BD6-5D8FA36B2871}"
EndProject
Project("{2150E333-8FDC-42A3-9474-1A3956D46DE8}") = "Tests", "Tests", "{37593ED1-3FFA-497D-842B-FD66FA39AB37}"
EndProject
Project("{FAE04EC0-301F-11D3-BF4B-00C04F79EFBC}") = "Toe.Utils.ToeMath", "NuGet\Toe.Utils.ToeMath\Toe.Utils.ToeMath.csproj", "{C138CBF1-49EB-4761-ACB4-D254A0F7A02B}"
EndProject
Project("{FAE04EC0-301F-11D3-BF4B-00C04F79EFBC}") = "Toe.Utils.Mesh.Dae.Tests", "Toe.Utils.Mesh.Dae.Tests\Toe.Utils.Mesh.Dae.Tests.csproj", "{829599E1-0183-4335-83C6-0A9C4C4BD496}"
EndProject
Project("{FAE04EC0-301F-11D3-BF4B-00C04F79EFBC}") = "Toe.Utils.Mesh.Ase.Tests", "Toe.Utils.Mesh.Ase.Tests\Toe.Utils.Mesh.Ase.Tests.csproj", "{6E57D429-4FE2-4B06-980F-8279CA2ABAB4}"
EndProject
Project("{FAE04EC0-301F-11D3-BF4B-00C04F79EFBC}") = "Toe.Utils.ToeMath.Tests", "NuGet\Toe.Utils.ToeMath.Tests\Toe.Utils.ToeMath.Tests.csproj", "{BC98C193-4C58-4983-882E-FD732CC64938}"
EndProject
Project("{FAE04EC0-301F-11D3-BF4B-00C04F79EFBC}") = "Toe.Utils.ToeMath.OpenTK", "NuGet\Toe.Utils.ToeMath.OpenTK\Toe.Utils.ToeMath.OpenTK.csproj", "{ABAC885C-A61D-49BC-A273-2D8AD0777AC7}"
EndProject
Global
	GlobalSection(SolutionConfigurationPlatforms) = preSolution
		Debug|Any CPU = Debug|Any CPU
		Debug|Mixed Platforms = Debug|Mixed Platforms
		Debug|x86 = Debug|x86
		Release|Any CPU = Release|Any CPU
		Release|Mixed Platforms = Release|Mixed Platforms
		Release|x86 = Release|x86
	EndGlobalSection
	GlobalSection(ProjectConfigurationPlatforms) = postSolution
		{29717F16-3219-4AE5-A7F4-618E65908DA7}.Debug|Any CPU.ActiveCfg = Debug|Any CPU
		{29717F16-3219-4AE5-A7F4-618E65908DA7}.Debug|Any CPU.Build.0 = Debug|Any CPU
		{29717F16-3219-4AE5-A7F4-618E65908DA7}.Debug|Mixed Platforms.ActiveCfg = Debug|Any CPU
		{29717F16-3219-4AE5-A7F4-618E65908DA7}.Debug|Mixed Platforms.Build.0 = Debug|Any CPU
		{29717F16-3219-4AE5-A7F4-618E65908DA7}.Debug|x86.ActiveCfg = Debug|Any CPU
		{29717F16-3219-4AE5-A7F4-618E65908DA7}.Release|Any CPU.ActiveCfg = Release|Any CPU
		{29717F16-3219-4AE5-A7F4-618E65908DA7}.Release|Any CPU.Build.0 = Release|Any CPU
		{29717F16-3219-4AE5-A7F4-618E65908DA7}.Release|Mixed Platforms.ActiveCfg = Release|Any CPU
		{29717F16-3219-4AE5-A7F4-618E65908DA7}.Release|Mixed Platforms.Build.0 = Release|Any CPU
		{29717F16-3219-4AE5-A7F4-618E65908DA7}.Release|x86.ActiveCfg = Release|Any CPU
		{F3C887C0-FE2D-46E8-AD77-E8BAB63BFAF1}.Debug|Any CPU.ActiveCfg = Debug|x86
		{F3C887C0-FE2D-46E8-AD77-E8BAB63BFAF1}.Debug|Mixed Platforms.ActiveCfg = Debug|x86
		{F3C887C0-FE2D-46E8-AD77-E8BAB63BFAF1}.Debug|Mixed Platforms.Build.0 = Debug|x86
		{F3C887C0-FE2D-46E8-AD77-E8BAB63BFAF1}.Debug|x86.ActiveCfg = Debug|x86
		{F3C887C0-FE2D-46E8-AD77-E8BAB63BFAF1}.Debug|x86.Build.0 = Debug|x86
		{F3C887C0-FE2D-46E8-AD77-E8BAB63BFAF1}.Release|Any CPU.ActiveCfg = Release|x86
		{F3C887C0-FE2D-46E8-AD77-E8BAB63BFAF1}.Release|Mixed Platforms.ActiveCfg = Release|x86
		{F3C887C0-FE2D-46E8-AD77-E8BAB63BFAF1}.Release|Mixed Platforms.Build.0 = Release|x86
		{F3C887C0-FE2D-46E8-AD77-E8BAB63BFAF1}.Release|x86.ActiveCfg = Release|x86
		{F3C887C0-FE2D-46E8-AD77-E8BAB63BFAF1}.Release|x86.Build.0 = Release|x86
		{33ED6B51-D3A5-43C9-9D4F-371576814518}.Debug|Any CPU.ActiveCfg = Debug|Any CPU
		{33ED6B51-D3A5-43C9-9D4F-371576814518}.Debug|Any CPU.Build.0 = Debug|Any CPU
		{33ED6B51-D3A5-43C9-9D4F-371576814518}.Debug|Mixed Platforms.ActiveCfg = Debug|Any CPU
		{33ED6B51-D3A5-43C9-9D4F-371576814518}.Debug|Mixed Platforms.Build.0 = Debug|Any CPU
		{33ED6B51-D3A5-43C9-9D4F-371576814518}.Debug|x86.ActiveCfg = Debug|Any CPU
		{33ED6B51-D3A5-43C9-9D4F-371576814518}.Release|Any CPU.ActiveCfg = Release|Any CPU
		{33ED6B51-D3A5-43C9-9D4F-371576814518}.Release|Any CPU.Build.0 = Release|Any CPU
		{33ED6B51-D3A5-43C9-9D4F-371576814518}.Release|Mixed Platforms.ActiveCfg = Release|Any CPU
		{33ED6B51-D3A5-43C9-9D4F-371576814518}.Release|Mixed Platforms.Build.0 = Release|Any CPU
		{33ED6B51-D3A5-43C9-9D4F-371576814518}.Release|x86.ActiveCfg = Release|Any CPU
		{2B25523C-AA51-43C7-B5F2-41D3F8FBA0AE}.Debug|Any CPU.ActiveCfg = Debug|Any CPU
		{2B25523C-AA51-43C7-B5F2-41D3F8FBA0AE}.Debug|Any CPU.Build.0 = Debug|Any CPU
		{2B25523C-AA51-43C7-B5F2-41D3F8FBA0AE}.Debug|Mixed Platforms.ActiveCfg = Debug|Any CPU
		{2B25523C-AA51-43C7-B5F2-41D3F8FBA0AE}.Debug|Mixed Platforms.Build.0 = Debug|Any CPU
		{2B25523C-AA51-43C7-B5F2-41D3F8FBA0AE}.Debug|x86.ActiveCfg = Debug|Any CPU
		{2B25523C-AA51-43C7-B5F2-41D3F8FBA0AE}.Release|Any CPU.ActiveCfg = Release|Any CPU
		{2B25523C-AA51-43C7-B5F2-41D3F8FBA0AE}.Release|Any CPU.Build.0 = Release|Any CPU
		{2B25523C-AA51-43C7-B5F2-41D3F8FBA0AE}.Release|Mixed Platforms.ActiveCfg = Release|Any CPU
		{2B25523C-AA51-43C7-B5F2-41D3F8FBA0AE}.Release|Mixed Platforms.Build.0 = Release|Any CPU
		{2B25523C-AA51-43C7-B5F2-41D3F8FBA0AE}.Release|x86.ActiveCfg = Release|Any CPU
		{0FBCDE4F-9E57-4D14-BA36-5028C2498A07}.Debug|Any CPU.ActiveCfg = Debug|x86
		{0FBCDE4F-9E57-4D14-BA36-5028C2498A07}.Debug|Mixed Platforms.ActiveCfg = Debug|x86
		{0FBCDE4F-9E57-4D14-BA36-5028C2498A07}.Debug|Mixed Platforms.Build.0 = Debug|x86
		{0FBCDE4F-9E57-4D14-BA36-5028C2498A07}.Debug|x86.ActiveCfg = Debug|x86
		{0FBCDE4F-9E57-4D14-BA36-5028C2498A07}.Debug|x86.Build.0 = Debug|x86
		{0FBCDE4F-9E57-4D14-BA36-5028C2498A07}.Release|Any CPU.ActiveCfg = Release|x86
		{0FBCDE4F-9E57-4D14-BA36-5028C2498A07}.Release|Mixed Platforms.ActiveCfg = Release|x86
		{0FBCDE4F-9E57-4D14-BA36-5028C2498A07}.Release|Mixed Platforms.Build.0 = Release|x86
		{0FBCDE4F-9E57-4D14-BA36-5028C2498A07}.Release|x86.ActiveCfg = Release|x86
		{0FBCDE4F-9E57-4D14-BA36-5028C2498A07}.Release|x86.Build.0 = Release|x86
		{5FA4A978-FB68-4CB0-B693-FB534C76F2C9}.Debug|Any CPU.ActiveCfg = Debug|Any CPU
		{5FA4A978-FB68-4CB0-B693-FB534C76F2C9}.Debug|Any CPU.Build.0 = Debug|Any CPU
		{5FA4A978-FB68-4CB0-B693-FB534C76F2C9}.Debug|Mixed Platforms.ActiveCfg = Debug|Any CPU
		{5FA4A978-FB68-4CB0-B693-FB534C76F2C9}.Debug|Mixed Platforms.Build.0 = Debug|Any CPU
		{5FA4A978-FB68-4CB0-B693-FB534C76F2C9}.Debug|x86.ActiveCfg = Debug|Any CPU
		{5FA4A978-FB68-4CB0-B693-FB534C76F2C9}.Release|Any CPU.ActiveCfg = Release|Any CPU
		{5FA4A978-FB68-4CB0-B693-FB534C76F2C9}.Release|Any CPU.Build.0 = Release|Any CPU
		{5FA4A978-FB68-4CB0-B693-FB534C76F2C9}.Release|Mixed Platforms.ActiveCfg = Release|Any CPU
		{5FA4A978-FB68-4CB0-B693-FB534C76F2C9}.Release|Mixed Platforms.Build.0 = Release|Any CPU
		{5FA4A978-FB68-4CB0-B693-FB534C76F2C9}.Release|x86.ActiveCfg = Release|Any CPU
		{1D297D66-08E0-4239-9D2C-0F29F6F5A895}.Debug|Any CPU.ActiveCfg = Debug|Any CPU
		{1D297D66-08E0-4239-9D2C-0F29F6F5A895}.Debug|Any CPU.Build.0 = Debug|Any CPU
		{1D297D66-08E0-4239-9D2C-0F29F6F5A895}.Debug|Mixed Platforms.ActiveCfg = Debug|Any CPU
		{1D297D66-08E0-4239-9D2C-0F29F6F5A895}.Debug|Mixed Platforms.Build.0 = Debug|Any CPU
		{1D297D66-08E0-4239-9D2C-0F29F6F5A895}.Debug|x86.ActiveCfg = Debug|Any CPU
		{1D297D66-08E0-4239-9D2C-0F29F6F5A895}.Release|Any CPU.ActiveCfg = Release|Any CPU
		{1D297D66-08E0-4239-9D2C-0F29F6F5A895}.Release|Any CPU.Build.0 = Release|Any CPU
		{1D297D66-08E0-4239-9D2C-0F29F6F5A895}.Release|Mixed Platforms.ActiveCfg = Release|Any CPU
		{1D297D66-08E0-4239-9D2C-0F29F6F5A895}.Release|Mixed Platforms.Build.0 = Release|Any CPU
		{1D297D66-08E0-4239-9D2C-0F29F6F5A895}.Release|x86.ActiveCfg = Release|Any CPU
		{F21ACC07-603C-4DA1-8FC6-F30B7EEB44F9}.Debug|Any CPU.ActiveCfg = Debug|Any CPU
		{F21ACC07-603C-4DA1-8FC6-F30B7EEB44F9}.Debug|Any CPU.Build.0 = Debug|Any CPU
		{F21ACC07-603C-4DA1-8FC6-F30B7EEB44F9}.Debug|Mixed Platforms.ActiveCfg = Debug|Any CPU
		{F21ACC07-603C-4DA1-8FC6-F30B7EEB44F9}.Debug|Mixed Platforms.Build.0 = Debug|Any CPU
		{F21ACC07-603C-4DA1-8FC6-F30B7EEB44F9}.Debug|x86.ActiveCfg = Debug|Any CPU
		{F21ACC07-603C-4DA1-8FC6-F30B7EEB44F9}.Release|Any CPU.ActiveCfg = Release|Any CPU
		{F21ACC07-603C-4DA1-8FC6-F30B7EEB44F9}.Release|Any CPU.Build.0 = Release|Any CPU
		{F21ACC07-603C-4DA1-8FC6-F30B7EEB44F9}.Release|Mixed Platforms.ActiveCfg = Release|Any CPU
		{F21ACC07-603C-4DA1-8FC6-F30B7EEB44F9}.Release|Mixed Platforms.Build.0 = Release|Any CPU
		{F21ACC07-603C-4DA1-8FC6-F30B7EEB44F9}.Release|x86.ActiveCfg = Release|Any CPU
		{2708D020-33C1-4A4A-BDB0-035FB9EEDFFD}.Debug|Any CPU.ActiveCfg = Debug|Any CPU
		{2708D020-33C1-4A4A-BDB0-035FB9EEDFFD}.Debug|Any CPU.Build.0 = Debug|Any CPU
		{2708D020-33C1-4A4A-BDB0-035FB9EEDFFD}.Debug|Mixed Platforms.ActiveCfg = Debug|Any CPU
		{2708D020-33C1-4A4A-BDB0-035FB9EEDFFD}.Debug|Mixed Platforms.Build.0 = Debug|Any CPU
		{2708D020-33C1-4A4A-BDB0-035FB9EEDFFD}.Debug|x86.ActiveCfg = Debug|Any CPU
		{2708D020-33C1-4A4A-BDB0-035FB9EEDFFD}.Release|Any CPU.ActiveCfg = Release|Any CPU
		{2708D020-33C1-4A4A-BDB0-035FB9EEDFFD}.Release|Any CPU.Build.0 = Release|Any CPU
		{2708D020-33C1-4A4A-BDB0-035FB9EEDFFD}.Release|Mixed Platforms.ActiveCfg = Release|Any CPU
		{2708D020-33C1-4A4A-BDB0-035FB9EEDFFD}.Release|Mixed Platforms.Build.0 = Release|Any CPU
		{2708D020-33C1-4A4A-BDB0-035FB9EEDFFD}.Release|x86.ActiveCfg = Release|Any CPU
		{41C92C10-7049-4106-A09F-069BB66AFEED}.Debug|Any CPU.ActiveCfg = Debug|Any CPU
		{41C92C10-7049-4106-A09F-069BB66AFEED}.Debug|Any CPU.Build.0 = Debug|Any CPU
		{41C92C10-7049-4106-A09F-069BB66AFEED}.Debug|Mixed Platforms.ActiveCfg = Debug|Any CPU
		{41C92C10-7049-4106-A09F-069BB66AFEED}.Debug|Mixed Platforms.Build.0 = Debug|Any CPU
		{41C92C10-7049-4106-A09F-069BB66AFEED}.Debug|x86.ActiveCfg = Debug|Any CPU
		{41C92C10-7049-4106-A09F-069BB66AFEED}.Release|Any CPU.ActiveCfg = Release|Any CPU
		{41C92C10-7049-4106-A09F-069BB66AFEED}.Release|Any CPU.Build.0 = Release|Any CPU
		{41C92C10-7049-4106-A09F-069BB66AFEED}.Release|Mixed Platforms.ActiveCfg = Release|Any CPU
		{41C92C10-7049-4106-A09F-069BB66AFEED}.Release|Mixed Platforms.Build.0 = Release|Any CPU
		{41C92C10-7049-4106-A09F-069BB66AFEED}.Release|x86.ActiveCfg = Release|Any CPU
		{9D139D7D-CFAD-4B6A-9862-EB856B36A83E}.Debug|Any CPU.ActiveCfg = Debug|Any CPU
		{9D139D7D-CFAD-4B6A-9862-EB856B36A83E}.Debug|Any CPU.Build.0 = Debug|Any CPU
		{9D139D7D-CFAD-4B6A-9862-EB856B36A83E}.Debug|Mixed Platforms.ActiveCfg = Debug|Any CPU
		{9D139D7D-CFAD-4B6A-9862-EB856B36A83E}.Debug|Mixed Platforms.Build.0 = Debug|Any CPU
		{9D139D7D-CFAD-4B6A-9862-EB856B36A83E}.Debug|x86.ActiveCfg = Debug|Any CPU
		{9D139D7D-CFAD-4B6A-9862-EB856B36A83E}.Release|Any CPU.ActiveCfg = Release|Any CPU
		{9D139D7D-CFAD-4B6A-9862-EB856B36A83E}.Release|Any CPU.Build.0 = Release|Any CPU
		{9D139D7D-CFAD-4B6A-9862-EB856B36A83E}.Release|Mixed Platforms.ActiveCfg = Release|Any CPU
		{9D139D7D-CFAD-4B6A-9862-EB856B36A83E}.Release|Mixed Platforms.Build.0 = Release|Any CPU
		{9D139D7D-CFAD-4B6A-9862-EB856B36A83E}.Release|x86.ActiveCfg = Release|Any CPU
		{845DC17B-7819-4E72-A966-B798A3C912D7}.Debug|Any CPU.ActiveCfg = Debug|Any CPU
		{845DC17B-7819-4E72-A966-B798A3C912D7}.Debug|Any CPU.Build.0 = Debug|Any CPU
		{845DC17B-7819-4E72-A966-B798A3C912D7}.Debug|Mixed Platforms.ActiveCfg = Debug|Any CPU
		{845DC17B-7819-4E72-A966-B798A3C912D7}.Debug|Mixed Platforms.Build.0 = Debug|Any CPU
		{845DC17B-7819-4E72-A966-B798A3C912D7}.Debug|x86.ActiveCfg = Debug|Any CPU
		{845DC17B-7819-4E72-A966-B798A3C912D7}.Release|Any CPU.ActiveCfg = Release|Any CPU
		{845DC17B-7819-4E72-A966-B798A3C912D7}.Release|Any CPU.Build.0 = Release|Any CPU
		{845DC17B-7819-4E72-A966-B798A3C912D7}.Release|Mixed Platforms.ActiveCfg = Release|Any CPU
		{845DC17B-7819-4E72-A966-B798A3C912D7}.Release|Mixed Platforms.Build.0 = Release|Any CPU
		{845DC17B-7819-4E72-A966-B798A3C912D7}.Release|x86.ActiveCfg = Release|Any CPU
		{6A49694C-C9B0-4E1D-83B2-2A445B3371FE}.Debug|Any CPU.ActiveCfg = Debug|Any CPU
		{6A49694C-C9B0-4E1D-83B2-2A445B3371FE}.Debug|Any CPU.Build.0 = Debug|Any CPU
		{6A49694C-C9B0-4E1D-83B2-2A445B3371FE}.Debug|Mixed Platforms.ActiveCfg = Debug|Any CPU
		{6A49694C-C9B0-4E1D-83B2-2A445B3371FE}.Debug|Mixed Platforms.Build.0 = Debug|Any CPU
		{6A49694C-C9B0-4E1D-83B2-2A445B3371FE}.Debug|x86.ActiveCfg = Debug|Any CPU
		{6A49694C-C9B0-4E1D-83B2-2A445B3371FE}.Release|Any CPU.ActiveCfg = Release|Any CPU
		{6A49694C-C9B0-4E1D-83B2-2A445B3371FE}.Release|Any CPU.Build.0 = Release|Any CPU
		{6A49694C-C9B0-4E1D-83B2-2A445B3371FE}.Release|Mixed Platforms.ActiveCfg = Release|Any CPU
		{6A49694C-C9B0-4E1D-83B2-2A445B3371FE}.Release|Mixed Platforms.Build.0 = Release|Any CPU
		{6A49694C-C9B0-4E1D-83B2-2A445B3371FE}.Release|x86.ActiveCfg = Release|Any CPU
		{D9ADA8FC-21F7-471D-ABE4-9E289DCBDDC8}.Debug|Any CPU.ActiveCfg = Debug|Any CPU
		{D9ADA8FC-21F7-471D-ABE4-9E289DCBDDC8}.Debug|Any CPU.Build.0 = Debug|Any CPU
		{D9ADA8FC-21F7-471D-ABE4-9E289DCBDDC8}.Debug|Mixed Platforms.ActiveCfg = Debug|Any CPU
		{D9ADA8FC-21F7-471D-ABE4-9E289DCBDDC8}.Debug|Mixed Platforms.Build.0 = Debug|Any CPU
		{D9ADA8FC-21F7-471D-ABE4-9E289DCBDDC8}.Debug|x86.ActiveCfg = Debug|Any CPU
		{D9ADA8FC-21F7-471D-ABE4-9E289DCBDDC8}.Release|Any CPU.ActiveCfg = Release|Any CPU
		{D9ADA8FC-21F7-471D-ABE4-9E289DCBDDC8}.Release|Any CPU.Build.0 = Release|Any CPU
		{D9ADA8FC-21F7-471D-ABE4-9E289DCBDDC8}.Release|Mixed Platforms.ActiveCfg = Release|Any CPU
		{D9ADA8FC-21F7-471D-ABE4-9E289DCBDDC8}.Release|Mixed Platforms.Build.0 = Release|Any CPU
		{D9ADA8FC-21F7-471D-ABE4-9E289DCBDDC8}.Release|x86.ActiveCfg = Release|Any CPU
		{15C85727-F6FC-4A28-BB34-84C327AEFF81}.Debug|Any CPU.ActiveCfg = Debug|Any CPU
		{15C85727-F6FC-4A28-BB34-84C327AEFF81}.Debug|Any CPU.Build.0 = Debug|Any CPU
		{15C85727-F6FC-4A28-BB34-84C327AEFF81}.Debug|Mixed Platforms.ActiveCfg = Debug|Any CPU
		{15C85727-F6FC-4A28-BB34-84C327AEFF81}.Debug|Mixed Platforms.Build.0 = Debug|Any CPU
		{15C85727-F6FC-4A28-BB34-84C327AEFF81}.Debug|x86.ActiveCfg = Debug|Any CPU
		{15C85727-F6FC-4A28-BB34-84C327AEFF81}.Release|Any CPU.ActiveCfg = Release|Any CPU
		{15C85727-F6FC-4A28-BB34-84C327AEFF81}.Release|Any CPU.Build.0 = Release|Any CPU
		{15C85727-F6FC-4A28-BB34-84C327AEFF81}.Release|Mixed Platforms.ActiveCfg = Release|Any CPU
		{15C85727-F6FC-4A28-BB34-84C327AEFF81}.Release|Mixed Platforms.Build.0 = Release|Any CPU
		{15C85727-F6FC-4A28-BB34-84C327AEFF81}.Release|x86.ActiveCfg = Release|Any CPU
		{97FFBF0E-0F46-4DB6-83B0-8DF1457E8A47}.Debug|Any CPU.ActiveCfg = Debug|Any CPU
		{97FFBF0E-0F46-4DB6-83B0-8DF1457E8A47}.Debug|Any CPU.Build.0 = Debug|Any CPU
		{97FFBF0E-0F46-4DB6-83B0-8DF1457E8A47}.Debug|Mixed Platforms.ActiveCfg = Debug|Any CPU
		{97FFBF0E-0F46-4DB6-83B0-8DF1457E8A47}.Debug|Mixed Platforms.Build.0 = Debug|Any CPU
		{97FFBF0E-0F46-4DB6-83B0-8DF1457E8A47}.Debug|x86.ActiveCfg = Debug|Any CPU
		{97FFBF0E-0F46-4DB6-83B0-8DF1457E8A47}.Release|Any CPU.ActiveCfg = Release|Any CPU
		{97FFBF0E-0F46-4DB6-83B0-8DF1457E8A47}.Release|Any CPU.Build.0 = Release|Any CPU
		{97FFBF0E-0F46-4DB6-83B0-8DF1457E8A47}.Release|Mixed Platforms.ActiveCfg = Release|Any CPU
		{97FFBF0E-0F46-4DB6-83B0-8DF1457E8A47}.Release|Mixed Platforms.Build.0 = Release|Any CPU
		{97FFBF0E-0F46-4DB6-83B0-8DF1457E8A47}.Release|x86.ActiveCfg = Release|Any CPU
		{1AB2E074-5CE6-4CD6-A379-3D6A58116319}.Debug|Any CPU.ActiveCfg = Debug|Any CPU
		{1AB2E074-5CE6-4CD6-A379-3D6A58116319}.Debug|Any CPU.Build.0 = Debug|Any CPU
		{1AB2E074-5CE6-4CD6-A379-3D6A58116319}.Debug|Mixed Platforms.ActiveCfg = Debug|Any CPU
		{1AB2E074-5CE6-4CD6-A379-3D6A58116319}.Debug|Mixed Platforms.Build.0 = Debug|Any CPU
		{1AB2E074-5CE6-4CD6-A379-3D6A58116319}.Debug|x86.ActiveCfg = Debug|Any CPU
		{1AB2E074-5CE6-4CD6-A379-3D6A58116319}.Release|Any CPU.ActiveCfg = Release|Any CPU
		{1AB2E074-5CE6-4CD6-A379-3D6A58116319}.Release|Any CPU.Build.0 = Release|Any CPU
		{1AB2E074-5CE6-4CD6-A379-3D6A58116319}.Release|Mixed Platforms.ActiveCfg = Release|Any CPU
		{1AB2E074-5CE6-4CD6-A379-3D6A58116319}.Release|Mixed Platforms.Build.0 = Release|Any CPU
		{1AB2E074-5CE6-4CD6-A379-3D6A58116319}.Release|x86.ActiveCfg = Release|Any CPU
		{7F30E400-0F58-4190-8AE9-111CE57F61E4}.Debug|Any CPU.ActiveCfg = Debug|Any CPU
		{7F30E400-0F58-4190-8AE9-111CE57F61E4}.Debug|Any CPU.Build.0 = Debug|Any CPU
		{7F30E400-0F58-4190-8AE9-111CE57F61E4}.Debug|Mixed Platforms.ActiveCfg = Debug|Any CPU
		{7F30E400-0F58-4190-8AE9-111CE57F61E4}.Debug|Mixed Platforms.Build.0 = Debug|Any CPU
		{7F30E400-0F58-4190-8AE9-111CE57F61E4}.Debug|x86.ActiveCfg = Debug|Any CPU
		{7F30E400-0F58-4190-8AE9-111CE57F61E4}.Release|Any CPU.ActiveCfg = Release|Any CPU
		{7F30E400-0F58-4190-8AE9-111CE57F61E4}.Release|Any CPU.Build.0 = Release|Any CPU
		{7F30E400-0F58-4190-8AE9-111CE57F61E4}.Release|Mixed Platforms.ActiveCfg = Release|Any CPU
		{7F30E400-0F58-4190-8AE9-111CE57F61E4}.Release|Mixed Platforms.Build.0 = Release|Any CPU
		{7F30E400-0F58-4190-8AE9-111CE57F61E4}.Release|x86.ActiveCfg = Release|Any CPU
		{91EF330C-981F-49F0-8BD6-5D8FA36B2871}.Debug|Any CPU.ActiveCfg = Debug|Any CPU
		{91EF330C-981F-49F0-8BD6-5D8FA36B2871}.Debug|Any CPU.Build.0 = Debug|Any CPU
		{91EF330C-981F-49F0-8BD6-5D8FA36B2871}.Debug|Mixed Platforms.ActiveCfg = Debug|Any CPU
		{91EF330C-981F-49F0-8BD6-5D8FA36B2871}.Debug|Mixed Platforms.Build.0 = Debug|Any CPU
		{91EF330C-981F-49F0-8BD6-5D8FA36B2871}.Debug|x86.ActiveCfg = Debug|Any CPU
		{91EF330C-981F-49F0-8BD6-5D8FA36B2871}.Release|Any CPU.ActiveCfg = Release|Any CPU
		{91EF330C-981F-49F0-8BD6-5D8FA36B2871}.Release|Any CPU.Build.0 = Release|Any CPU
		{91EF330C-981F-49F0-8BD6-5D8FA36B2871}.Release|Mixed Platforms.ActiveCfg = Release|Any CPU
		{91EF330C-981F-49F0-8BD6-5D8FA36B2871}.Release|Mixed Platforms.Build.0 = Release|Any CPU
		{91EF330C-981F-49F0-8BD6-5D8FA36B2871}.Release|x86.ActiveCfg = Release|Any CPU
		{C138CBF1-49EB-4761-ACB4-D254A0F7A02B}.Debug|Any CPU.ActiveCfg = Debug|Any CPU
		{C138CBF1-49EB-4761-ACB4-D254A0F7A02B}.Debug|Any CPU.Build.0 = Debug|Any CPU
		{C138CBF1-49EB-4761-ACB4-D254A0F7A02B}.Debug|Mixed Platforms.ActiveCfg = Debug|Any CPU
		{C138CBF1-49EB-4761-ACB4-D254A0F7A02B}.Debug|Mixed Platforms.Build.0 = Debug|Any CPU
		{C138CBF1-49EB-4761-ACB4-D254A0F7A02B}.Debug|x86.ActiveCfg = Debug|Any CPU
		{C138CBF1-49EB-4761-ACB4-D254A0F7A02B}.Release|Any CPU.ActiveCfg = Release|Any CPU
		{C138CBF1-49EB-4761-ACB4-D254A0F7A02B}.Release|Any CPU.Build.0 = Release|Any CPU
		{C138CBF1-49EB-4761-ACB4-D254A0F7A02B}.Release|Mixed Platforms.ActiveCfg = Release|Any CPU
		{C138CBF1-49EB-4761-ACB4-D254A0F7A02B}.Release|Mixed Platforms.Build.0 = Release|Any CPU
		{C138CBF1-49EB-4761-ACB4-D254A0F7A02B}.Release|x86.ActiveCfg = Release|Any CPU
		{829599E1-0183-4335-83C6-0A9C4C4BD496}.Debug|Any CPU.ActiveCfg = Debug|x86
		{829599E1-0183-4335-83C6-0A9C4C4BD496}.Debug|Mixed Platforms.ActiveCfg = Debug|x86
		{829599E1-0183-4335-83C6-0A9C4C4BD496}.Debug|Mixed Platforms.Build.0 = Debug|x86
		{829599E1-0183-4335-83C6-0A9C4C4BD496}.Debug|x86.ActiveCfg = Debug|x86
		{829599E1-0183-4335-83C6-0A9C4C4BD496}.Debug|x86.Build.0 = Debug|x86
		{829599E1-0183-4335-83C6-0A9C4C4BD496}.Release|Any CPU.ActiveCfg = Release|x86
		{829599E1-0183-4335-83C6-0A9C4C4BD496}.Release|Mixed Platforms.ActiveCfg = Release|x86
		{829599E1-0183-4335-83C6-0A9C4C4BD496}.Release|Mixed Platforms.Build.0 = Release|x86
		{829599E1-0183-4335-83C6-0A9C4C4BD496}.Release|x86.ActiveCfg = Release|x86
		{829599E1-0183-4335-83C6-0A9C4C4BD496}.Release|x86.Build.0 = Release|x86
		{6E57D429-4FE2-4B06-980F-8279CA2ABAB4}.Debug|Any CPU.ActiveCfg = Debug|Any CPU
		{6E57D429-4FE2-4B06-980F-8279CA2ABAB4}.Debug|Any CPU.Build.0 = Debug|Any CPU
		{6E57D429-4FE2-4B06-980F-8279CA2ABAB4}.Debug|Mixed Platforms.ActiveCfg = Debug|Any CPU
		{6E57D429-4FE2-4B06-980F-8279CA2ABAB4}.Debug|Mixed Platforms.Build.0 = Debug|Any CPU
		{6E57D429-4FE2-4B06-980F-8279CA2ABAB4}.Debug|x86.ActiveCfg = Debug|Any CPU
		{6E57D429-4FE2-4B06-980F-8279CA2ABAB4}.Release|Any CPU.ActiveCfg = Release|Any CPU
		{6E57D429-4FE2-4B06-980F-8279CA2ABAB4}.Release|Any CPU.Build.0 = Release|Any CPU
		{6E57D429-4FE2-4B06-980F-8279CA2ABAB4}.Release|Mixed Platforms.ActiveCfg = Release|Any CPU
		{6E57D429-4FE2-4B06-980F-8279CA2ABAB4}.Release|Mixed Platforms.Build.0 = Release|Any CPU
		{6E57D429-4FE2-4B06-980F-8279CA2ABAB4}.Release|x86.ActiveCfg = Release|Any CPU
		{BC98C193-4C58-4983-882E-FD732CC64938}.Debug|Any CPU.ActiveCfg = Debug|Any CPU
		{BC98C193-4C58-4983-882E-FD732CC64938}.Debug|Any CPU.Build.0 = Debug|Any CPU
		{BC98C193-4C58-4983-882E-FD732CC64938}.Debug|Mixed Platforms.ActiveCfg = Debug|Any CPU
		{BC98C193-4C58-4983-882E-FD732CC64938}.Debug|Mixed Platforms.Build.0 = Debug|Any CPU
		{BC98C193-4C58-4983-882E-FD732CC64938}.Debug|x86.ActiveCfg = Debug|Any CPU
		{BC98C193-4C58-4983-882E-FD732CC64938}.Release|Any CPU.ActiveCfg = Release|Any CPU
		{BC98C193-4C58-4983-882E-FD732CC64938}.Release|Any CPU.Build.0 = Release|Any CPU
		{BC98C193-4C58-4983-882E-FD732CC64938}.Release|Mixed Platforms.ActiveCfg = Release|Any CPU
		{BC98C193-4C58-4983-882E-FD732CC64938}.Release|Mixed Platforms.Build.0 = Release|Any CPU
		{BC98C193-4C58-4983-882E-FD732CC64938}.Release|x86.ActiveCfg = Release|Any CPU
		{ABAC885C-A61D-49BC-A273-2D8AD0777AC7}.Debug|Any CPU.ActiveCfg = Debug|Any CPU
		{ABAC885C-A61D-49BC-A273-2D8AD0777AC7}.Debug|Any CPU.Build.0 = Debug|Any CPU
		{ABAC885C-A61D-49BC-A273-2D8AD0777AC7}.Debug|Mixed Platforms.ActiveCfg = Debug|Any CPU
		{ABAC885C-A61D-49BC-A273-2D8AD0777AC7}.Debug|Mixed Platforms.Build.0 = Debug|Any CPU
		{ABAC885C-A61D-49BC-A273-2D8AD0777AC7}.Debug|x86.ActiveCfg = Debug|Any CPU
		{ABAC885C-A61D-49BC-A273-2D8AD0777AC7}.Release|Any CPU.ActiveCfg = Release|Any CPU
		{ABAC885C-A61D-49BC-A273-2D8AD0777AC7}.Release|Any CPU.Build.0 = Release|Any CPU
		{ABAC885C-A61D-49BC-A273-2D8AD0777AC7}.Release|Mixed Platforms.ActiveCfg = Release|Any CPU
		{ABAC885C-A61D-49BC-A273-2D8AD0777AC7}.Release|Mixed Platforms.Build.0 = Release|Any CPU
		{ABAC885C-A61D-49BC-A273-2D8AD0777AC7}.Release|x86.ActiveCfg = Release|Any CPU
	EndGlobalSection
	GlobalSection(SolutionProperties) = preSolution
		HideSolutionNode = FALSE
	EndGlobalSection
	GlobalSection(NestedProjects) = preSolution
		{29717F16-3219-4AE5-A7F4-618E65908DA7} = {F6A23CD6-BB95-4C80-B72F-46978E4071DE}
		{829599E1-0183-4335-83C6-0A9C4C4BD496} = {37593ED1-3FFA-497D-842B-FD66FA39AB37}
		{6E57D429-4FE2-4B06-980F-8279CA2ABAB4} = {37593ED1-3FFA-497D-842B-FD66FA39AB37}
		{BC98C193-4C58-4983-882E-FD732CC64938} = {37593ED1-3FFA-497D-842B-FD66FA39AB37}
	EndGlobalSection
EndGlobal
