
Microsoft Visual Studio Solution File, Format Version 12.00
# Visual Studio 2012
Project("{FAE04EC0-301F-11D3-BF4B-00C04F79EFBC}") = "Toe.Messaging.net40", "Toe.Messaging\Toe.Messaging.net40.csproj", "{BC1AA566-D1E7-4AA5-AE93-E9A29490949C}"
EndProject
Project("{FAE04EC0-301F-11D3-BF4B-00C04F79EFBC}") = "Toe.Messaging.Tests", "Toe.Messaging.Tests\Toe.Messaging.Tests.csproj", "{D1BE86BD-5E9C-4915-AA14-994FCC016B68}"
EndProject
Project("{FAE04EC0-301F-11D3-BF4B-00C04F79EFBC}") = "Toe.Messaging.wp8", "Toe.Messaging\Toe.Messaging.wp8.csproj", "{36847667-84E1-4464-95A0-3E742460D768}"
EndProject
Project("{2150E333-8FDC-42A3-9474-1A3956D46DE8}") = "DotNet", "DotNet", "{15AAB1FC-2362-4E8B-BDE7-DAAE041098CE}"
EndProject
Project("{2150E333-8FDC-42A3-9474-1A3956D46DE8}") = "C", "C", "{4E149D19-3191-4838-BEF0-9CFD70F588BE}"
EndProject
Project("{FAE04EC0-301F-11D3-BF4B-00C04F79EFBC}") = "Toe.Messaging.AluminumLua.net40", "Toe.Messaging.AluminumLua\Toe.Messaging.AluminumLua.net40.csproj", "{23D612D7-FFDA-42F5-87E6-DC5F31505548}"
EndProject
Project("{FAE04EC0-301F-11D3-BF4B-00C04F79EFBC}") = "Toe.Messaging.AluminumLua.Tests", "Toe.Messaging.AluminumLua.Tests\Toe.Messaging.AluminumLua.Tests.csproj", "{4D12B560-79F4-49A5-8AEC-1363EF1D90B9}"
EndProject
Project("{2150E333-8FDC-42A3-9474-1A3956D46DE8}") = "libs", "libs", "{22AE5201-4526-4DA6-B138-BDE335BF5D40}"
EndProject
Project("{FAE04EC0-301F-11D3-BF4B-00C04F79EFBC}") = "Toe.CircularArrayQueue.net40", "Toe.CirculArarrayQueue\Toe.CircularArrayQueue.net40.csproj", "{F4E9D25F-DDEF-44A7-B8CA-1CD4DF77D2E9}"
EndProject
Project("{FAE04EC0-301F-11D3-BF4B-00C04F79EFBC}") = "Toe.CircularArrayQueue.wp8", "Toe.CirculArarrayQueue\Toe.CircularArrayQueue.wp8.csproj", "{AEE13E39-6448-450B-8646-B6B945D3736D}"
EndProject
Project("{FAE04EC0-301F-11D3-BF4B-00C04F79EFBC}") = "Toe.CircularArrayQueue.wp71", "Toe.CirculArarrayQueue\Toe.CircularArrayQueue.wp71.csproj", "{EE421B0C-C954-4616-97CB-71F6DBC82E15}"
EndProject
Project("{FAE04EC0-301F-11D3-BF4B-00C04F79EFBC}") = "Toe.Messaging.OpenTK", "Toe.Messaging.OpenTK\Toe.Messaging.OpenTK.csproj", "{1255F214-775B-478A-840B-B2CA3A3C0A89}"
EndProject
Project("{FAE04EC0-301F-11D3-BF4B-00C04F79EFBC}") = "Toe.Messaging.OpenTK.Tests", "Toe.Messaging.OpenTK.Tests\Toe.Messaging.OpenTK.Tests.csproj", "{AD8E49C5-2749-41CE-BFA0-0E05DC961BD2}"
EndProject
Project("{2150E333-8FDC-42A3-9474-1A3956D46DE8}") = "buf", "buf", "{E5543ED3-C6E1-4586-84AF-EA3F62C0C405}"
EndProject
Project("{2150E333-8FDC-42A3-9474-1A3956D46DE8}") = "messaging", "messaging", "{BB5AE53C-D462-44D9-AD08-CE995AC2924D}"
EndProject
Project("{FAE04EC0-301F-11D3-BF4B-00C04F79EFBC}") = "Toe.Scene.net40", "Toe.Scene\Toe.Scene.net40.csproj", "{658FF24E-D6EE-4A42-907E-71D1DF28ED53}"
EndProject
Project("{FAE04EC0-301F-11D3-BF4B-00C04F79EFBC}") = "Toe.CircularArrayQueue.sl5", "Toe.CirculArarrayQueue\Toe.CircularArrayQueue.sl5.csproj", "{7A23BBFC-5C21-46C3-9674-C017354EFDCD}"
EndProject
Project("{FAE04EC0-301F-11D3-BF4B-00C04F79EFBC}") = "Toe.Demo.sl5", "Toe.Demo\Toe.Demo.sl5.csproj", "{203E83B3-D14F-46B7-9668-35BE04CBD7B0}"
EndProject
Project("{FAE04EC0-301F-11D3-BF4B-00C04F79EFBC}") = "Toe.Scene.sl5", "Toe.Scene.sl5\Toe.Scene.sl5.csproj", "{EAB8A20F-FA40-44A8-9F58-1B8837C50638}"
EndProject
Project("{FAE04EC0-301F-11D3-BF4B-00C04F79EFBC}") = "Toe.Scene.wp8", "Toe.Scene.wp8\Toe.Scene.wp8.csproj", "{84B4C987-7B03-41E3-9665-E65B67B6C8DC}"
EndProject
Project("{FAE04EC0-301F-11D3-BF4B-00C04F79EFBC}") = "Toe.Scene.wp71", "Toe.Scene.wp71\Toe.Scene.wp71.csproj", "{CCC82045-FC3F-4A29-B86C-C3C3D250BFAB}"
EndProject
Global
	GlobalSection(SolutionConfigurationPlatforms) = preSolution
		Debug|Any CPU = Debug|Any CPU
		Debug|ARM = Debug|ARM
		Debug|Mixed Platforms = Debug|Mixed Platforms
		Debug|Win32 = Debug|Win32
		Debug|x86 = Debug|x86
		Release|Any CPU = Release|Any CPU
		Release|ARM = Release|ARM
		Release|Mixed Platforms = Release|Mixed Platforms
		Release|Win32 = Release|Win32
		Release|x86 = Release|x86
	EndGlobalSection
	GlobalSection(ProjectConfigurationPlatforms) = postSolution
		{BC1AA566-D1E7-4AA5-AE93-E9A29490949C}.Debug|Any CPU.ActiveCfg = Debug|Any CPU
		{BC1AA566-D1E7-4AA5-AE93-E9A29490949C}.Debug|Any CPU.Build.0 = Debug|Any CPU
		{BC1AA566-D1E7-4AA5-AE93-E9A29490949C}.Debug|ARM.ActiveCfg = Debug|Any CPU
		{BC1AA566-D1E7-4AA5-AE93-E9A29490949C}.Debug|Mixed Platforms.ActiveCfg = Debug|Any CPU
		{BC1AA566-D1E7-4AA5-AE93-E9A29490949C}.Debug|Mixed Platforms.Build.0 = Debug|Any CPU
		{BC1AA566-D1E7-4AA5-AE93-E9A29490949C}.Debug|Win32.ActiveCfg = Debug|Any CPU
		{BC1AA566-D1E7-4AA5-AE93-E9A29490949C}.Debug|x86.ActiveCfg = Debug|Any CPU
		{BC1AA566-D1E7-4AA5-AE93-E9A29490949C}.Release|Any CPU.ActiveCfg = Release|Any CPU
		{BC1AA566-D1E7-4AA5-AE93-E9A29490949C}.Release|Any CPU.Build.0 = Release|Any CPU
		{BC1AA566-D1E7-4AA5-AE93-E9A29490949C}.Release|ARM.ActiveCfg = Release|Any CPU
		{BC1AA566-D1E7-4AA5-AE93-E9A29490949C}.Release|Mixed Platforms.ActiveCfg = Release|Any CPU
		{BC1AA566-D1E7-4AA5-AE93-E9A29490949C}.Release|Mixed Platforms.Build.0 = Release|Any CPU
		{BC1AA566-D1E7-4AA5-AE93-E9A29490949C}.Release|Win32.ActiveCfg = Release|Any CPU
		{BC1AA566-D1E7-4AA5-AE93-E9A29490949C}.Release|x86.ActiveCfg = Release|Any CPU
		{D1BE86BD-5E9C-4915-AA14-994FCC016B68}.Debug|Any CPU.ActiveCfg = Debug|Any CPU
		{D1BE86BD-5E9C-4915-AA14-994FCC016B68}.Debug|Any CPU.Build.0 = Debug|Any CPU
		{D1BE86BD-5E9C-4915-AA14-994FCC016B68}.Debug|ARM.ActiveCfg = Debug|Any CPU
		{D1BE86BD-5E9C-4915-AA14-994FCC016B68}.Debug|Mixed Platforms.ActiveCfg = Debug|Any CPU
		{D1BE86BD-5E9C-4915-AA14-994FCC016B68}.Debug|Mixed Platforms.Build.0 = Debug|Any CPU
		{D1BE86BD-5E9C-4915-AA14-994FCC016B68}.Debug|Win32.ActiveCfg = Debug|Any CPU
		{D1BE86BD-5E9C-4915-AA14-994FCC016B68}.Debug|x86.ActiveCfg = Debug|Any CPU
		{D1BE86BD-5E9C-4915-AA14-994FCC016B68}.Release|Any CPU.ActiveCfg = Release|Any CPU
		{D1BE86BD-5E9C-4915-AA14-994FCC016B68}.Release|Any CPU.Build.0 = Release|Any CPU
		{D1BE86BD-5E9C-4915-AA14-994FCC016B68}.Release|ARM.ActiveCfg = Release|Any CPU
		{D1BE86BD-5E9C-4915-AA14-994FCC016B68}.Release|Mixed Platforms.ActiveCfg = Release|Any CPU
		{D1BE86BD-5E9C-4915-AA14-994FCC016B68}.Release|Mixed Platforms.Build.0 = Release|Any CPU
		{D1BE86BD-5E9C-4915-AA14-994FCC016B68}.Release|Win32.ActiveCfg = Release|Any CPU
		{D1BE86BD-5E9C-4915-AA14-994FCC016B68}.Release|x86.ActiveCfg = Release|Any CPU
		{36847667-84E1-4464-95A0-3E742460D768}.Debug|Any CPU.ActiveCfg = Debug|Any CPU
		{36847667-84E1-4464-95A0-3E742460D768}.Debug|Any CPU.Build.0 = Debug|Any CPU
		{36847667-84E1-4464-95A0-3E742460D768}.Debug|ARM.ActiveCfg = Debug|ARM
		{36847667-84E1-4464-95A0-3E742460D768}.Debug|ARM.Build.0 = Debug|ARM
		{36847667-84E1-4464-95A0-3E742460D768}.Debug|Mixed Platforms.ActiveCfg = Debug|x86
		{36847667-84E1-4464-95A0-3E742460D768}.Debug|Mixed Platforms.Build.0 = Debug|x86
		{36847667-84E1-4464-95A0-3E742460D768}.Debug|Win32.ActiveCfg = Debug|x86
		{36847667-84E1-4464-95A0-3E742460D768}.Debug|Win32.Build.0 = Debug|x86
		{36847667-84E1-4464-95A0-3E742460D768}.Debug|x86.ActiveCfg = Debug|x86
		{36847667-84E1-4464-95A0-3E742460D768}.Debug|x86.Build.0 = Debug|x86
		{36847667-84E1-4464-95A0-3E742460D768}.Release|Any CPU.ActiveCfg = Release|Any CPU
		{36847667-84E1-4464-95A0-3E742460D768}.Release|Any CPU.Build.0 = Release|Any CPU
		{36847667-84E1-4464-95A0-3E742460D768}.Release|ARM.ActiveCfg = Release|ARM
		{36847667-84E1-4464-95A0-3E742460D768}.Release|ARM.Build.0 = Release|ARM
		{36847667-84E1-4464-95A0-3E742460D768}.Release|Mixed Platforms.ActiveCfg = Release|x86
		{36847667-84E1-4464-95A0-3E742460D768}.Release|Mixed Platforms.Build.0 = Release|x86
		{36847667-84E1-4464-95A0-3E742460D768}.Release|Win32.ActiveCfg = Release|x86
		{36847667-84E1-4464-95A0-3E742460D768}.Release|Win32.Build.0 = Release|x86
		{36847667-84E1-4464-95A0-3E742460D768}.Release|x86.ActiveCfg = Release|x86
		{36847667-84E1-4464-95A0-3E742460D768}.Release|x86.Build.0 = Release|x86
		{23D612D7-FFDA-42F5-87E6-DC5F31505548}.Debug|Any CPU.ActiveCfg = Debug|Any CPU
		{23D612D7-FFDA-42F5-87E6-DC5F31505548}.Debug|Any CPU.Build.0 = Debug|Any CPU
		{23D612D7-FFDA-42F5-87E6-DC5F31505548}.Debug|ARM.ActiveCfg = Debug|Any CPU
		{23D612D7-FFDA-42F5-87E6-DC5F31505548}.Debug|Mixed Platforms.ActiveCfg = Debug|Any CPU
		{23D612D7-FFDA-42F5-87E6-DC5F31505548}.Debug|Mixed Platforms.Build.0 = Debug|Any CPU
		{23D612D7-FFDA-42F5-87E6-DC5F31505548}.Debug|Win32.ActiveCfg = Debug|Any CPU
		{23D612D7-FFDA-42F5-87E6-DC5F31505548}.Debug|x86.ActiveCfg = Debug|Any CPU
		{23D612D7-FFDA-42F5-87E6-DC5F31505548}.Release|Any CPU.ActiveCfg = Release|Any CPU
		{23D612D7-FFDA-42F5-87E6-DC5F31505548}.Release|Any CPU.Build.0 = Release|Any CPU
		{23D612D7-FFDA-42F5-87E6-DC5F31505548}.Release|ARM.ActiveCfg = Release|Any CPU
		{23D612D7-FFDA-42F5-87E6-DC5F31505548}.Release|Mixed Platforms.ActiveCfg = Release|Any CPU
		{23D612D7-FFDA-42F5-87E6-DC5F31505548}.Release|Mixed Platforms.Build.0 = Release|Any CPU
		{23D612D7-FFDA-42F5-87E6-DC5F31505548}.Release|Win32.ActiveCfg = Release|Any CPU
		{23D612D7-FFDA-42F5-87E6-DC5F31505548}.Release|x86.ActiveCfg = Release|Any CPU
		{4D12B560-79F4-49A5-8AEC-1363EF1D90B9}.Debug|Any CPU.ActiveCfg = Debug|Any CPU
		{4D12B560-79F4-49A5-8AEC-1363EF1D90B9}.Debug|Any CPU.Build.0 = Debug|Any CPU
		{4D12B560-79F4-49A5-8AEC-1363EF1D90B9}.Debug|ARM.ActiveCfg = Debug|Any CPU
		{4D12B560-79F4-49A5-8AEC-1363EF1D90B9}.Debug|Mixed Platforms.ActiveCfg = Debug|Any CPU
		{4D12B560-79F4-49A5-8AEC-1363EF1D90B9}.Debug|Mixed Platforms.Build.0 = Debug|Any CPU
		{4D12B560-79F4-49A5-8AEC-1363EF1D90B9}.Debug|Win32.ActiveCfg = Debug|Any CPU
		{4D12B560-79F4-49A5-8AEC-1363EF1D90B9}.Debug|x86.ActiveCfg = Debug|Any CPU
		{4D12B560-79F4-49A5-8AEC-1363EF1D90B9}.Release|Any CPU.ActiveCfg = Release|Any CPU
		{4D12B560-79F4-49A5-8AEC-1363EF1D90B9}.Release|Any CPU.Build.0 = Release|Any CPU
		{4D12B560-79F4-49A5-8AEC-1363EF1D90B9}.Release|ARM.ActiveCfg = Release|Any CPU
		{4D12B560-79F4-49A5-8AEC-1363EF1D90B9}.Release|Mixed Platforms.ActiveCfg = Release|Any CPU
		{4D12B560-79F4-49A5-8AEC-1363EF1D90B9}.Release|Mixed Platforms.Build.0 = Release|Any CPU
		{4D12B560-79F4-49A5-8AEC-1363EF1D90B9}.Release|Win32.ActiveCfg = Release|Any CPU
		{4D12B560-79F4-49A5-8AEC-1363EF1D90B9}.Release|x86.ActiveCfg = Release|Any CPU
		{F4E9D25F-DDEF-44A7-B8CA-1CD4DF77D2E9}.Debug|Any CPU.ActiveCfg = Debug|Any CPU
		{F4E9D25F-DDEF-44A7-B8CA-1CD4DF77D2E9}.Debug|Any CPU.Build.0 = Debug|Any CPU
		{F4E9D25F-DDEF-44A7-B8CA-1CD4DF77D2E9}.Debug|ARM.ActiveCfg = Debug|Any CPU
		{F4E9D25F-DDEF-44A7-B8CA-1CD4DF77D2E9}.Debug|Mixed Platforms.ActiveCfg = Debug|Any CPU
		{F4E9D25F-DDEF-44A7-B8CA-1CD4DF77D2E9}.Debug|Mixed Platforms.Build.0 = Debug|Any CPU
		{F4E9D25F-DDEF-44A7-B8CA-1CD4DF77D2E9}.Debug|Win32.ActiveCfg = Debug|Any CPU
		{F4E9D25F-DDEF-44A7-B8CA-1CD4DF77D2E9}.Debug|x86.ActiveCfg = Debug|Any CPU
		{F4E9D25F-DDEF-44A7-B8CA-1CD4DF77D2E9}.Release|Any CPU.ActiveCfg = Release|Any CPU
		{F4E9D25F-DDEF-44A7-B8CA-1CD4DF77D2E9}.Release|Any CPU.Build.0 = Release|Any CPU
		{F4E9D25F-DDEF-44A7-B8CA-1CD4DF77D2E9}.Release|ARM.ActiveCfg = Release|Any CPU
		{F4E9D25F-DDEF-44A7-B8CA-1CD4DF77D2E9}.Release|Mixed Platforms.ActiveCfg = Release|Any CPU
		{F4E9D25F-DDEF-44A7-B8CA-1CD4DF77D2E9}.Release|Mixed Platforms.Build.0 = Release|Any CPU
		{F4E9D25F-DDEF-44A7-B8CA-1CD4DF77D2E9}.Release|Win32.ActiveCfg = Release|Any CPU
		{F4E9D25F-DDEF-44A7-B8CA-1CD4DF77D2E9}.Release|x86.ActiveCfg = Release|Any CPU
		{AEE13E39-6448-450B-8646-B6B945D3736D}.Debug|Any CPU.ActiveCfg = Debug|Any CPU
		{AEE13E39-6448-450B-8646-B6B945D3736D}.Debug|Any CPU.Build.0 = Debug|Any CPU
		{AEE13E39-6448-450B-8646-B6B945D3736D}.Debug|ARM.ActiveCfg = Debug|ARM
		{AEE13E39-6448-450B-8646-B6B945D3736D}.Debug|ARM.Build.0 = Debug|ARM
		{AEE13E39-6448-450B-8646-B6B945D3736D}.Debug|Mixed Platforms.ActiveCfg = Debug|x86
		{AEE13E39-6448-450B-8646-B6B945D3736D}.Debug|Mixed Platforms.Build.0 = Debug|x86
		{AEE13E39-6448-450B-8646-B6B945D3736D}.Debug|Win32.ActiveCfg = Debug|x86
		{AEE13E39-6448-450B-8646-B6B945D3736D}.Debug|Win32.Build.0 = Debug|x86
		{AEE13E39-6448-450B-8646-B6B945D3736D}.Debug|x86.ActiveCfg = Debug|x86
		{AEE13E39-6448-450B-8646-B6B945D3736D}.Debug|x86.Build.0 = Debug|x86
		{AEE13E39-6448-450B-8646-B6B945D3736D}.Release|Any CPU.ActiveCfg = Release|Any CPU
		{AEE13E39-6448-450B-8646-B6B945D3736D}.Release|Any CPU.Build.0 = Release|Any CPU
		{AEE13E39-6448-450B-8646-B6B945D3736D}.Release|ARM.ActiveCfg = Release|ARM
		{AEE13E39-6448-450B-8646-B6B945D3736D}.Release|ARM.Build.0 = Release|ARM
		{AEE13E39-6448-450B-8646-B6B945D3736D}.Release|Mixed Platforms.ActiveCfg = Release|x86
		{AEE13E39-6448-450B-8646-B6B945D3736D}.Release|Mixed Platforms.Build.0 = Release|x86
		{AEE13E39-6448-450B-8646-B6B945D3736D}.Release|Win32.ActiveCfg = Release|x86
		{AEE13E39-6448-450B-8646-B6B945D3736D}.Release|Win32.Build.0 = Release|x86
		{AEE13E39-6448-450B-8646-B6B945D3736D}.Release|x86.ActiveCfg = Release|x86
		{AEE13E39-6448-450B-8646-B6B945D3736D}.Release|x86.Build.0 = Release|x86
		{EE421B0C-C954-4616-97CB-71F6DBC82E15}.Debug|Any CPU.ActiveCfg = Debug|Any CPU
		{EE421B0C-C954-4616-97CB-71F6DBC82E15}.Debug|Any CPU.Build.0 = Debug|Any CPU
		{EE421B0C-C954-4616-97CB-71F6DBC82E15}.Debug|ARM.ActiveCfg = Debug|Any CPU
		{EE421B0C-C954-4616-97CB-71F6DBC82E15}.Debug|Mixed Platforms.ActiveCfg = Debug|Any CPU
		{EE421B0C-C954-4616-97CB-71F6DBC82E15}.Debug|Mixed Platforms.Build.0 = Debug|Any CPU
		{EE421B0C-C954-4616-97CB-71F6DBC82E15}.Debug|Win32.ActiveCfg = Debug|Any CPU
		{EE421B0C-C954-4616-97CB-71F6DBC82E15}.Debug|x86.ActiveCfg = Debug|Any CPU
		{EE421B0C-C954-4616-97CB-71F6DBC82E15}.Release|Any CPU.ActiveCfg = Release|Any CPU
		{EE421B0C-C954-4616-97CB-71F6DBC82E15}.Release|Any CPU.Build.0 = Release|Any CPU
		{EE421B0C-C954-4616-97CB-71F6DBC82E15}.Release|ARM.ActiveCfg = Release|Any CPU
		{EE421B0C-C954-4616-97CB-71F6DBC82E15}.Release|Mixed Platforms.ActiveCfg = Release|Any CPU
		{EE421B0C-C954-4616-97CB-71F6DBC82E15}.Release|Mixed Platforms.Build.0 = Release|Any CPU
		{EE421B0C-C954-4616-97CB-71F6DBC82E15}.Release|Win32.ActiveCfg = Release|Any CPU
		{EE421B0C-C954-4616-97CB-71F6DBC82E15}.Release|x86.ActiveCfg = Release|Any CPU
		{1255F214-775B-478A-840B-B2CA3A3C0A89}.Debug|Any CPU.ActiveCfg = Debug|Any CPU
		{1255F214-775B-478A-840B-B2CA3A3C0A89}.Debug|Any CPU.Build.0 = Debug|Any CPU
		{1255F214-775B-478A-840B-B2CA3A3C0A89}.Debug|ARM.ActiveCfg = Debug|Any CPU
		{1255F214-775B-478A-840B-B2CA3A3C0A89}.Debug|Mixed Platforms.ActiveCfg = Debug|Any CPU
		{1255F214-775B-478A-840B-B2CA3A3C0A89}.Debug|Mixed Platforms.Build.0 = Debug|Any CPU
		{1255F214-775B-478A-840B-B2CA3A3C0A89}.Debug|Win32.ActiveCfg = Debug|Any CPU
		{1255F214-775B-478A-840B-B2CA3A3C0A89}.Debug|x86.ActiveCfg = Debug|Any CPU
		{1255F214-775B-478A-840B-B2CA3A3C0A89}.Release|Any CPU.ActiveCfg = Release|Any CPU
		{1255F214-775B-478A-840B-B2CA3A3C0A89}.Release|Any CPU.Build.0 = Release|Any CPU
		{1255F214-775B-478A-840B-B2CA3A3C0A89}.Release|ARM.ActiveCfg = Release|Any CPU
		{1255F214-775B-478A-840B-B2CA3A3C0A89}.Release|Mixed Platforms.ActiveCfg = Release|Any CPU
		{1255F214-775B-478A-840B-B2CA3A3C0A89}.Release|Mixed Platforms.Build.0 = Release|Any CPU
		{1255F214-775B-478A-840B-B2CA3A3C0A89}.Release|Win32.ActiveCfg = Release|Any CPU
		{1255F214-775B-478A-840B-B2CA3A3C0A89}.Release|x86.ActiveCfg = Release|Any CPU
		{AD8E49C5-2749-41CE-BFA0-0E05DC961BD2}.Debug|Any CPU.ActiveCfg = Debug|Any CPU
		{AD8E49C5-2749-41CE-BFA0-0E05DC961BD2}.Debug|Any CPU.Build.0 = Debug|Any CPU
		{AD8E49C5-2749-41CE-BFA0-0E05DC961BD2}.Debug|ARM.ActiveCfg = Debug|Any CPU
		{AD8E49C5-2749-41CE-BFA0-0E05DC961BD2}.Debug|Mixed Platforms.ActiveCfg = Debug|Any CPU
		{AD8E49C5-2749-41CE-BFA0-0E05DC961BD2}.Debug|Mixed Platforms.Build.0 = Debug|Any CPU
		{AD8E49C5-2749-41CE-BFA0-0E05DC961BD2}.Debug|Win32.ActiveCfg = Debug|Any CPU
		{AD8E49C5-2749-41CE-BFA0-0E05DC961BD2}.Debug|x86.ActiveCfg = Debug|Any CPU
		{AD8E49C5-2749-41CE-BFA0-0E05DC961BD2}.Release|Any CPU.ActiveCfg = Release|Any CPU
		{AD8E49C5-2749-41CE-BFA0-0E05DC961BD2}.Release|Any CPU.Build.0 = Release|Any CPU
		{AD8E49C5-2749-41CE-BFA0-0E05DC961BD2}.Release|ARM.ActiveCfg = Release|Any CPU
		{AD8E49C5-2749-41CE-BFA0-0E05DC961BD2}.Release|Mixed Platforms.ActiveCfg = Release|Any CPU
		{AD8E49C5-2749-41CE-BFA0-0E05DC961BD2}.Release|Mixed Platforms.Build.0 = Release|Any CPU
		{AD8E49C5-2749-41CE-BFA0-0E05DC961BD2}.Release|Win32.ActiveCfg = Release|Any CPU
		{AD8E49C5-2749-41CE-BFA0-0E05DC961BD2}.Release|x86.ActiveCfg = Release|Any CPU
		{658FF24E-D6EE-4A42-907E-71D1DF28ED53}.Debug|Any CPU.ActiveCfg = Debug|Any CPU
		{658FF24E-D6EE-4A42-907E-71D1DF28ED53}.Debug|Any CPU.Build.0 = Debug|Any CPU
		{658FF24E-D6EE-4A42-907E-71D1DF28ED53}.Debug|ARM.ActiveCfg = Debug|Any CPU
		{658FF24E-D6EE-4A42-907E-71D1DF28ED53}.Debug|Mixed Platforms.ActiveCfg = Debug|Any CPU
		{658FF24E-D6EE-4A42-907E-71D1DF28ED53}.Debug|Mixed Platforms.Build.0 = Debug|Any CPU
		{658FF24E-D6EE-4A42-907E-71D1DF28ED53}.Debug|Win32.ActiveCfg = Debug|Any CPU
		{658FF24E-D6EE-4A42-907E-71D1DF28ED53}.Debug|x86.ActiveCfg = Debug|Any CPU
		{658FF24E-D6EE-4A42-907E-71D1DF28ED53}.Release|Any CPU.ActiveCfg = Release|Any CPU
		{658FF24E-D6EE-4A42-907E-71D1DF28ED53}.Release|Any CPU.Build.0 = Release|Any CPU
		{658FF24E-D6EE-4A42-907E-71D1DF28ED53}.Release|ARM.ActiveCfg = Release|Any CPU
		{658FF24E-D6EE-4A42-907E-71D1DF28ED53}.Release|Mixed Platforms.ActiveCfg = Release|Any CPU
		{658FF24E-D6EE-4A42-907E-71D1DF28ED53}.Release|Mixed Platforms.Build.0 = Release|Any CPU
		{658FF24E-D6EE-4A42-907E-71D1DF28ED53}.Release|Win32.ActiveCfg = Release|Any CPU
		{658FF24E-D6EE-4A42-907E-71D1DF28ED53}.Release|x86.ActiveCfg = Release|Any CPU
		{7A23BBFC-5C21-46C3-9674-C017354EFDCD}.Debug|Any CPU.ActiveCfg = Debug|Any CPU
		{7A23BBFC-5C21-46C3-9674-C017354EFDCD}.Debug|Any CPU.Build.0 = Debug|Any CPU
		{7A23BBFC-5C21-46C3-9674-C017354EFDCD}.Debug|ARM.ActiveCfg = Debug|Any CPU
		{7A23BBFC-5C21-46C3-9674-C017354EFDCD}.Debug|Mixed Platforms.ActiveCfg = Debug|Any CPU
		{7A23BBFC-5C21-46C3-9674-C017354EFDCD}.Debug|Mixed Platforms.Build.0 = Debug|Any CPU
		{7A23BBFC-5C21-46C3-9674-C017354EFDCD}.Debug|Win32.ActiveCfg = Debug|Any CPU
		{7A23BBFC-5C21-46C3-9674-C017354EFDCD}.Debug|x86.ActiveCfg = Debug|Any CPU
		{7A23BBFC-5C21-46C3-9674-C017354EFDCD}.Release|Any CPU.ActiveCfg = Release|Any CPU
		{7A23BBFC-5C21-46C3-9674-C017354EFDCD}.Release|Any CPU.Build.0 = Release|Any CPU
		{7A23BBFC-5C21-46C3-9674-C017354EFDCD}.Release|ARM.ActiveCfg = Release|Any CPU
		{7A23BBFC-5C21-46C3-9674-C017354EFDCD}.Release|Mixed Platforms.ActiveCfg = Release|Any CPU
		{7A23BBFC-5C21-46C3-9674-C017354EFDCD}.Release|Mixed Platforms.Build.0 = Release|Any CPU
		{7A23BBFC-5C21-46C3-9674-C017354EFDCD}.Release|Win32.ActiveCfg = Release|Any CPU
		{7A23BBFC-5C21-46C3-9674-C017354EFDCD}.Release|x86.ActiveCfg = Release|Any CPU
		{203E83B3-D14F-46B7-9668-35BE04CBD7B0}.Debug|Any CPU.ActiveCfg = Debug|Any CPU
		{203E83B3-D14F-46B7-9668-35BE04CBD7B0}.Debug|Any CPU.Build.0 = Debug|Any CPU
		{203E83B3-D14F-46B7-9668-35BE04CBD7B0}.Debug|ARM.ActiveCfg = Debug|Any CPU
		{203E83B3-D14F-46B7-9668-35BE04CBD7B0}.Debug|Mixed Platforms.ActiveCfg = Debug|Any CPU
		{203E83B3-D14F-46B7-9668-35BE04CBD7B0}.Debug|Mixed Platforms.Build.0 = Debug|Any CPU
		{203E83B3-D14F-46B7-9668-35BE04CBD7B0}.Debug|Win32.ActiveCfg = Debug|Any CPU
		{203E83B3-D14F-46B7-9668-35BE04CBD7B0}.Debug|x86.ActiveCfg = Debug|Any CPU
		{203E83B3-D14F-46B7-9668-35BE04CBD7B0}.Release|Any CPU.ActiveCfg = Release|Any CPU
		{203E83B3-D14F-46B7-9668-35BE04CBD7B0}.Release|Any CPU.Build.0 = Release|Any CPU
		{203E83B3-D14F-46B7-9668-35BE04CBD7B0}.Release|ARM.ActiveCfg = Release|Any CPU
		{203E83B3-D14F-46B7-9668-35BE04CBD7B0}.Release|Mixed Platforms.ActiveCfg = Release|Any CPU
		{203E83B3-D14F-46B7-9668-35BE04CBD7B0}.Release|Mixed Platforms.Build.0 = Release|Any CPU
		{203E83B3-D14F-46B7-9668-35BE04CBD7B0}.Release|Win32.ActiveCfg = Release|Any CPU
		{203E83B3-D14F-46B7-9668-35BE04CBD7B0}.Release|x86.ActiveCfg = Release|Any CPU
		{EAB8A20F-FA40-44A8-9F58-1B8837C50638}.Debug|Any CPU.ActiveCfg = Debug|Any CPU
		{EAB8A20F-FA40-44A8-9F58-1B8837C50638}.Debug|Any CPU.Build.0 = Debug|Any CPU
		{EAB8A20F-FA40-44A8-9F58-1B8837C50638}.Debug|ARM.ActiveCfg = Debug|Any CPU
		{EAB8A20F-FA40-44A8-9F58-1B8837C50638}.Debug|Mixed Platforms.ActiveCfg = Debug|Any CPU
		{EAB8A20F-FA40-44A8-9F58-1B8837C50638}.Debug|Mixed Platforms.Build.0 = Debug|Any CPU
		{EAB8A20F-FA40-44A8-9F58-1B8837C50638}.Debug|Win32.ActiveCfg = Debug|Any CPU
		{EAB8A20F-FA40-44A8-9F58-1B8837C50638}.Debug|x86.ActiveCfg = Debug|Any CPU
		{EAB8A20F-FA40-44A8-9F58-1B8837C50638}.Release|Any CPU.ActiveCfg = Release|Any CPU
		{EAB8A20F-FA40-44A8-9F58-1B8837C50638}.Release|Any CPU.Build.0 = Release|Any CPU
		{EAB8A20F-FA40-44A8-9F58-1B8837C50638}.Release|ARM.ActiveCfg = Release|Any CPU
		{EAB8A20F-FA40-44A8-9F58-1B8837C50638}.Release|Mixed Platforms.ActiveCfg = Release|Any CPU
		{EAB8A20F-FA40-44A8-9F58-1B8837C50638}.Release|Mixed Platforms.Build.0 = Release|Any CPU
		{EAB8A20F-FA40-44A8-9F58-1B8837C50638}.Release|Win32.ActiveCfg = Release|Any CPU
		{EAB8A20F-FA40-44A8-9F58-1B8837C50638}.Release|x86.ActiveCfg = Release|Any CPU
		{84B4C987-7B03-41E3-9665-E65B67B6C8DC}.Debug|Any CPU.ActiveCfg = Debug|Any CPU
		{84B4C987-7B03-41E3-9665-E65B67B6C8DC}.Debug|Any CPU.Build.0 = Debug|Any CPU
		{84B4C987-7B03-41E3-9665-E65B67B6C8DC}.Debug|ARM.ActiveCfg = Debug|ARM
		{84B4C987-7B03-41E3-9665-E65B67B6C8DC}.Debug|ARM.Build.0 = Debug|ARM
		{84B4C987-7B03-41E3-9665-E65B67B6C8DC}.Debug|Mixed Platforms.ActiveCfg = Debug|x86
		{84B4C987-7B03-41E3-9665-E65B67B6C8DC}.Debug|Mixed Platforms.Build.0 = Debug|x86
		{84B4C987-7B03-41E3-9665-E65B67B6C8DC}.Debug|Win32.ActiveCfg = Debug|x86
		{84B4C987-7B03-41E3-9665-E65B67B6C8DC}.Debug|Win32.Build.0 = Debug|x86
		{84B4C987-7B03-41E3-9665-E65B67B6C8DC}.Debug|x86.ActiveCfg = Debug|x86
		{84B4C987-7B03-41E3-9665-E65B67B6C8DC}.Debug|x86.Build.0 = Debug|x86
		{84B4C987-7B03-41E3-9665-E65B67B6C8DC}.Release|Any CPU.ActiveCfg = Release|Any CPU
		{84B4C987-7B03-41E3-9665-E65B67B6C8DC}.Release|Any CPU.Build.0 = Release|Any CPU
		{84B4C987-7B03-41E3-9665-E65B67B6C8DC}.Release|ARM.ActiveCfg = Release|ARM
		{84B4C987-7B03-41E3-9665-E65B67B6C8DC}.Release|ARM.Build.0 = Release|ARM
		{84B4C987-7B03-41E3-9665-E65B67B6C8DC}.Release|Mixed Platforms.ActiveCfg = Release|x86
		{84B4C987-7B03-41E3-9665-E65B67B6C8DC}.Release|Mixed Platforms.Build.0 = Release|x86
		{84B4C987-7B03-41E3-9665-E65B67B6C8DC}.Release|Win32.ActiveCfg = Release|x86
		{84B4C987-7B03-41E3-9665-E65B67B6C8DC}.Release|Win32.Build.0 = Release|x86
		{84B4C987-7B03-41E3-9665-E65B67B6C8DC}.Release|x86.ActiveCfg = Release|x86
		{84B4C987-7B03-41E3-9665-E65B67B6C8DC}.Release|x86.Build.0 = Release|x86
		{CCC82045-FC3F-4A29-B86C-C3C3D250BFAB}.Debug|Any CPU.ActiveCfg = Debug|Any CPU
		{CCC82045-FC3F-4A29-B86C-C3C3D250BFAB}.Debug|Any CPU.Build.0 = Debug|Any CPU
		{CCC82045-FC3F-4A29-B86C-C3C3D250BFAB}.Debug|ARM.ActiveCfg = Debug|Any CPU
		{CCC82045-FC3F-4A29-B86C-C3C3D250BFAB}.Debug|Mixed Platforms.ActiveCfg = Debug|Any CPU
		{CCC82045-FC3F-4A29-B86C-C3C3D250BFAB}.Debug|Mixed Platforms.Build.0 = Debug|Any CPU
		{CCC82045-FC3F-4A29-B86C-C3C3D250BFAB}.Debug|Win32.ActiveCfg = Debug|Any CPU
		{CCC82045-FC3F-4A29-B86C-C3C3D250BFAB}.Debug|x86.ActiveCfg = Debug|Any CPU
		{CCC82045-FC3F-4A29-B86C-C3C3D250BFAB}.Release|Any CPU.ActiveCfg = Release|Any CPU
		{CCC82045-FC3F-4A29-B86C-C3C3D250BFAB}.Release|Any CPU.Build.0 = Release|Any CPU
		{CCC82045-FC3F-4A29-B86C-C3C3D250BFAB}.Release|ARM.ActiveCfg = Release|Any CPU
		{CCC82045-FC3F-4A29-B86C-C3C3D250BFAB}.Release|Mixed Platforms.ActiveCfg = Release|Any CPU
		{CCC82045-FC3F-4A29-B86C-C3C3D250BFAB}.Release|Mixed Platforms.Build.0 = Release|Any CPU
		{CCC82045-FC3F-4A29-B86C-C3C3D250BFAB}.Release|Win32.ActiveCfg = Release|Any CPU
		{CCC82045-FC3F-4A29-B86C-C3C3D250BFAB}.Release|x86.ActiveCfg = Release|Any CPU
	EndGlobalSection
	GlobalSection(SolutionProperties) = preSolution
		HideSolutionNode = FALSE
	EndGlobalSection
	GlobalSection(NestedProjects) = preSolution
		{22AE5201-4526-4DA6-B138-BDE335BF5D40} = {15AAB1FC-2362-4E8B-BDE7-DAAE041098CE}
		{658FF24E-D6EE-4A42-907E-71D1DF28ED53} = {15AAB1FC-2362-4E8B-BDE7-DAAE041098CE}
		{203E83B3-D14F-46B7-9668-35BE04CBD7B0} = {15AAB1FC-2362-4E8B-BDE7-DAAE041098CE}
		{BB5AE53C-D462-44D9-AD08-CE995AC2924D} = {22AE5201-4526-4DA6-B138-BDE335BF5D40}
		{E5543ED3-C6E1-4586-84AF-EA3F62C0C405} = {22AE5201-4526-4DA6-B138-BDE335BF5D40}
		{BC1AA566-D1E7-4AA5-AE93-E9A29490949C} = {BB5AE53C-D462-44D9-AD08-CE995AC2924D}
		{23D612D7-FFDA-42F5-87E6-DC5F31505548} = {BB5AE53C-D462-44D9-AD08-CE995AC2924D}
		{4D12B560-79F4-49A5-8AEC-1363EF1D90B9} = {BB5AE53C-D462-44D9-AD08-CE995AC2924D}
		{D1BE86BD-5E9C-4915-AA14-994FCC016B68} = {BB5AE53C-D462-44D9-AD08-CE995AC2924D}
		{1255F214-775B-478A-840B-B2CA3A3C0A89} = {BB5AE53C-D462-44D9-AD08-CE995AC2924D}
		{AD8E49C5-2749-41CE-BFA0-0E05DC961BD2} = {BB5AE53C-D462-44D9-AD08-CE995AC2924D}
		{36847667-84E1-4464-95A0-3E742460D768} = {BB5AE53C-D462-44D9-AD08-CE995AC2924D}
		{AEE13E39-6448-450B-8646-B6B945D3736D} = {E5543ED3-C6E1-4586-84AF-EA3F62C0C405}
		{EE421B0C-C954-4616-97CB-71F6DBC82E15} = {E5543ED3-C6E1-4586-84AF-EA3F62C0C405}
		{F4E9D25F-DDEF-44A7-B8CA-1CD4DF77D2E9} = {E5543ED3-C6E1-4586-84AF-EA3F62C0C405}
		{7A23BBFC-5C21-46C3-9674-C017354EFDCD} = {E5543ED3-C6E1-4586-84AF-EA3F62C0C405}
	EndGlobalSection
EndGlobal
