
Microsoft Visual Studio Solution File, Format Version 12.00
# Visual Studio 2012
Project("{FAE04EC0-301F-11D3-BF4B-00C04F79EFBC}") = "Toe.Messaging.net40", "Toe.Messaging\Toe.Messaging.net40.csproj", "{BC1AA566-D1E7-4AA5-AE93-E9A29490949C}"
EndProject
Project("{FAE04EC0-301F-11D3-BF4B-00C04F79EFBC}") = "Toe.Messaging.Tests", "Toe.Messaging.Tests\Toe.Messaging.Tests.csproj", "{D1BE86BD-5E9C-4915-AA14-994FCC016B68}"
EndProject
Project("{FAE04EC0-301F-11D3-BF4B-00C04F79EFBC}") = "Toe.Messaging.wp8", "Toe.Messaging\Toe.Messaging.wp8.csproj", "{36847667-84E1-4464-95A0-3E742460D768}"
EndProject
Project("{2150E333-8FDC-42A3-9474-1A3956D46DE8}") = "DotNet", "DotNet", "{15AAB1FC-2362-4E8B-BDE7-DAAE041098CE}"
EndProject
Project("{2150E333-8FDC-42A3-9474-1A3956D46DE8}") = "C", "C", "{4E149D19-3191-4838-BEF0-9CFD70F588BE}"
EndProject
Project("{FAE04EC0-301F-11D3-BF4B-00C04F79EFBC}") = "Toe.Messaging.AluminumLua.net40", "Toe.Messaging.AluminumLua.net40\Toe.Messaging.AluminumLua.net40.csproj", "{23D612D7-FFDA-42F5-87E6-DC5F31505548}"
EndProject
Project("{FAE04EC0-301F-11D3-BF4B-00C04F79EFBC}") = "Toe.Messaging.AluminumLua.Tests", "Toe.Messaging.AluminumLua.Tests\Toe.Messaging.AluminumLua.Tests.csproj", "{4D12B560-79F4-49A5-8AEC-1363EF1D90B9}"
EndProject
Project("{2150E333-8FDC-42A3-9474-1A3956D46DE8}") = "libs", "libs", "{22AE5201-4526-4DA6-B138-BDE335BF5D40}"
EndProject
Project("{FAE04EC0-301F-11D3-BF4B-00C04F79EFBC}") = "Toe.CircularArrayQueue.net40", "..\Toe.CirculArarrayQueue\Toe.CirculArarrayQueue\Toe.CircularArrayQueue.net40.csproj", "{F4E9D25F-DDEF-44A7-B8CA-1CD4DF77D2E9}"
EndProject
Project("{FAE04EC0-301F-11D3-BF4B-00C04F79EFBC}") = "Toe.CircularArrayQueue.wp8", "..\Toe.CirculArarrayQueue\Toe.CirculArarrayQueue\Toe.CircularArrayQueue.wp8.csproj", "{AEE13E39-6448-450B-8646-B6B945D3736D}"
EndProject
Project("{FAE04EC0-301F-11D3-BF4B-00C04F79EFBC}") = "Toe.CircularArrayQueue.wp71", "..\Toe.CirculArarrayQueue\Toe.CirculArarrayQueue\Toe.CircularArrayQueue.wp71.csproj", "{EE421B0C-C954-4616-97CB-71F6DBC82E15}"
EndProject
Global
	GlobalSection(SolutionConfigurationPlatforms) = preSolution
		Debug|Any CPU = Debug|Any CPU
		Debug|ARM = Debug|ARM
		Debug|Mixed Platforms = Debug|Mixed Platforms
		Debug|Win32 = Debug|Win32
		Debug|x86 = Debug|x86
		Release|Any CPU = Release|Any CPU
		Release|ARM = Release|ARM
		Release|Mixed Platforms = Release|Mixed Platforms
		Release|Win32 = Release|Win32
		Release|x86 = Release|x86
	EndGlobalSection
	GlobalSection(ProjectConfigurationPlatforms) = postSolution
		{BC1AA566-D1E7-4AA5-AE93-E9A29490949C}.Debug|Any CPU.ActiveCfg = Debug|Any CPU
		{BC1AA566-D1E7-4AA5-AE93-E9A29490949C}.Debug|Any CPU.Build.0 = Debug|Any CPU
		{BC1AA566-D1E7-4AA5-AE93-E9A29490949C}.Debug|ARM.ActiveCfg = Debug|Any CPU
		{BC1AA566-D1E7-4AA5-AE93-E9A29490949C}.Debug|Mixed Platforms.ActiveCfg = Debug|Any CPU
		{BC1AA566-D1E7-4AA5-AE93-E9A29490949C}.Debug|Mixed Platforms.Build.0 = Debug|Any CPU
		{BC1AA566-D1E7-4AA5-AE93-E9A29490949C}.Debug|Win32.ActiveCfg = Debug|Any CPU
		{BC1AA566-D1E7-4AA5-AE93-E9A29490949C}.Debug|x86.ActiveCfg = Debug|Any CPU
		{BC1AA566-D1E7-4AA5-AE93-E9A29490949C}.Release|Any CPU.ActiveCfg = Release|Any CPU
		{BC1AA566-D1E7-4AA5-AE93-E9A29490949C}.Release|Any CPU.Build.0 = Release|Any CPU
		{BC1AA566-D1E7-4AA5-AE93-E9A29490949C}.Release|ARM.ActiveCfg = Release|Any CPU
		{BC1AA566-D1E7-4AA5-AE93-E9A29490949C}.Release|Mixed Platforms.ActiveCfg = Release|Any CPU
		{BC1AA566-D1E7-4AA5-AE93-E9A29490949C}.Release|Mixed Platforms.Build.0 = Release|Any CPU
		{BC1AA566-D1E7-4AA5-AE93-E9A29490949C}.Release|Win32.ActiveCfg = Release|Any CPU
		{BC1AA566-D1E7-4AA5-AE93-E9A29490949C}.Release|x86.ActiveCfg = Release|Any CPU
		{D1BE86BD-5E9C-4915-AA14-994FCC016B68}.Debug|Any CPU.ActiveCfg = Debug|Any CPU
		{D1BE86BD-5E9C-4915-AA14-994FCC016B68}.Debug|Any CPU.Build.0 = Debug|Any CPU
		{D1BE86BD-5E9C-4915-AA14-994FCC016B68}.Debug|ARM.ActiveCfg = Debug|Any CPU
		{D1BE86BD-5E9C-4915-AA14-994FCC016B68}.Debug|Mixed Platforms.ActiveCfg = Debug|Any CPU
		{D1BE86BD-5E9C-4915-AA14-994FCC016B68}.Debug|Mixed Platforms.Build.0 = Debug|Any CPU
		{D1BE86BD-5E9C-4915-AA14-994FCC016B68}.Debug|Win32.ActiveCfg = Debug|Any CPU
		{D1BE86BD-5E9C-4915-AA14-994FCC016B68}.Debug|x86.ActiveCfg = Debug|Any CPU
		{D1BE86BD-5E9C-4915-AA14-994FCC016B68}.Release|Any CPU.ActiveCfg = Release|Any CPU
		{D1BE86BD-5E9C-4915-AA14-994FCC016B68}.Release|Any CPU.Build.0 = Release|Any CPU
		{D1BE86BD-5E9C-4915-AA14-994FCC016B68}.Release|ARM.ActiveCfg = Release|Any CPU
		{D1BE86BD-5E9C-4915-AA14-994FCC016B68}.Release|Mixed Platforms.ActiveCfg = Release|Any CPU
		{D1BE86BD-5E9C-4915-AA14-994FCC016B68}.Release|Mixed Platforms.Build.0 = Release|Any CPU
		{D1BE86BD-5E9C-4915-AA14-994FCC016B68}.Release|Win32.ActiveCfg = Release|Any CPU
		{D1BE86BD-5E9C-4915-AA14-994FCC016B68}.Release|x86.ActiveCfg = Release|Any CPU
		{36847667-84E1-4464-95A0-3E742460D768}.Debug|Any CPU.ActiveCfg = Debug|Any CPU
		{36847667-84E1-4464-95A0-3E742460D768}.Debug|Any CPU.Build.0 = Debug|Any CPU
		{36847667-84E1-4464-95A0-3E742460D768}.Debug|ARM.ActiveCfg = Debug|ARM
		{36847667-84E1-4464-95A0-3E742460D768}.Debug|ARM.Build.0 = Debug|ARM
		{36847667-84E1-4464-95A0-3E742460D768}.Debug|Mixed Platforms.ActiveCfg = Debug|x86
		{36847667-84E1-4464-95A0-3E742460D768}.Debug|Mixed Platforms.Build.0 = Debug|x86
		{36847667-84E1-4464-95A0-3E742460D768}.Debug|Win32.ActiveCfg = Debug|x86
		{36847667-84E1-4464-95A0-3E742460D768}.Debug|Win32.Build.0 = Debug|x86
		{36847667-84E1-4464-95A0-3E742460D768}.Debug|x86.ActiveCfg = Debug|x86
		{36847667-84E1-4464-95A0-3E742460D768}.Debug|x86.Build.0 = Debug|x86
		{36847667-84E1-4464-95A0-3E742460D768}.Release|Any CPU.ActiveCfg = Release|Any CPU
		{36847667-84E1-4464-95A0-3E742460D768}.Release|Any CPU.Build.0 = Release|Any CPU
		{36847667-84E1-4464-95A0-3E742460D768}.Release|ARM.ActiveCfg = Release|ARM
		{36847667-84E1-4464-95A0-3E742460D768}.Release|ARM.Build.0 = Release|ARM
		{36847667-84E1-4464-95A0-3E742460D768}.Release|Mixed Platforms.ActiveCfg = Release|x86
		{36847667-84E1-4464-95A0-3E742460D768}.Release|Mixed Platforms.Build.0 = Release|x86
		{36847667-84E1-4464-95A0-3E742460D768}.Release|Win32.ActiveCfg = Release|x86
		{36847667-84E1-4464-95A0-3E742460D768}.Release|Win32.Build.0 = Release|x86
		{36847667-84E1-4464-95A0-3E742460D768}.Release|x86.ActiveCfg = Release|x86
		{36847667-84E1-4464-95A0-3E742460D768}.Release|x86.Build.0 = Release|x86
		{23D612D7-FFDA-42F5-87E6-DC5F31505548}.Debug|Any CPU.ActiveCfg = Debug|Any CPU
		{23D612D7-FFDA-42F5-87E6-DC5F31505548}.Debug|Any CPU.Build.0 = Debug|Any CPU
		{23D612D7-FFDA-42F5-87E6-DC5F31505548}.Debug|ARM.ActiveCfg = Debug|Any CPU
		{23D612D7-FFDA-42F5-87E6-DC5F31505548}.Debug|Mixed Platforms.ActiveCfg = Debug|Any CPU
		{23D612D7-FFDA-42F5-87E6-DC5F31505548}.Debug|Mixed Platforms.Build.0 = Debug|Any CPU
		{23D612D7-FFDA-42F5-87E6-DC5F31505548}.Debug|Win32.ActiveCfg = Debug|Any CPU
		{23D612D7-FFDA-42F5-87E6-DC5F31505548}.Debug|x86.ActiveCfg = Debug|Any CPU
		{23D612D7-FFDA-42F5-87E6-DC5F31505548}.Release|Any CPU.ActiveCfg = Release|Any CPU
		{23D612D7-FFDA-42F5-87E6-DC5F31505548}.Release|Any CPU.Build.0 = Release|Any CPU
		{23D612D7-FFDA-42F5-87E6-DC5F31505548}.Release|ARM.ActiveCfg = Release|Any CPU
		{23D612D7-FFDA-42F5-87E6-DC5F31505548}.Release|Mixed Platforms.ActiveCfg = Release|Any CPU
		{23D612D7-FFDA-42F5-87E6-DC5F31505548}.Release|Mixed Platforms.Build.0 = Release|Any CPU
		{23D612D7-FFDA-42F5-87E6-DC5F31505548}.Release|Win32.ActiveCfg = Release|Any CPU
		{23D612D7-FFDA-42F5-87E6-DC5F31505548}.Release|x86.ActiveCfg = Release|Any CPU
		{4D12B560-79F4-49A5-8AEC-1363EF1D90B9}.Debug|Any CPU.ActiveCfg = Debug|Any CPU
		{4D12B560-79F4-49A5-8AEC-1363EF1D90B9}.Debug|Any CPU.Build.0 = Debug|Any CPU
		{4D12B560-79F4-49A5-8AEC-1363EF1D90B9}.Debug|ARM.ActiveCfg = Debug|Any CPU
		{4D12B560-79F4-49A5-8AEC-1363EF1D90B9}.Debug|Mixed Platforms.ActiveCfg = Debug|Any CPU
		{4D12B560-79F4-49A5-8AEC-1363EF1D90B9}.Debug|Mixed Platforms.Build.0 = Debug|Any CPU
		{4D12B560-79F4-49A5-8AEC-1363EF1D90B9}.Debug|Win32.ActiveCfg = Debug|Any CPU
		{4D12B560-79F4-49A5-8AEC-1363EF1D90B9}.Debug|x86.ActiveCfg = Debug|Any CPU
		{4D12B560-79F4-49A5-8AEC-1363EF1D90B9}.Release|Any CPU.ActiveCfg = Release|Any CPU
		{4D12B560-79F4-49A5-8AEC-1363EF1D90B9}.Release|Any CPU.Build.0 = Release|Any CPU
		{4D12B560-79F4-49A5-8AEC-1363EF1D90B9}.Release|ARM.ActiveCfg = Release|Any CPU
		{4D12B560-79F4-49A5-8AEC-1363EF1D90B9}.Release|Mixed Platforms.ActiveCfg = Release|Any CPU
		{4D12B560-79F4-49A5-8AEC-1363EF1D90B9}.Release|Mixed Platforms.Build.0 = Release|Any CPU
		{4D12B560-79F4-49A5-8AEC-1363EF1D90B9}.Release|Win32.ActiveCfg = Release|Any CPU
		{4D12B560-79F4-49A5-8AEC-1363EF1D90B9}.Release|x86.ActiveCfg = Release|Any CPU
		{F4E9D25F-DDEF-44A7-B8CA-1CD4DF77D2E9}.Debug|Any CPU.ActiveCfg = Debug|Any CPU
		{F4E9D25F-DDEF-44A7-B8CA-1CD4DF77D2E9}.Debug|Any CPU.Build.0 = Debug|Any CPU
		{F4E9D25F-DDEF-44A7-B8CA-1CD4DF77D2E9}.Debug|ARM.ActiveCfg = Debug|Any CPU
		{F4E9D25F-DDEF-44A7-B8CA-1CD4DF77D2E9}.Debug|Mixed Platforms.ActiveCfg = Debug|Any CPU
		{F4E9D25F-DDEF-44A7-B8CA-1CD4DF77D2E9}.Debug|Mixed Platforms.Build.0 = Debug|Any CPU
		{F4E9D25F-DDEF-44A7-B8CA-1CD4DF77D2E9}.Debug|Win32.ActiveCfg = Debug|Any CPU
		{F4E9D25F-DDEF-44A7-B8CA-1CD4DF77D2E9}.Debug|x86.ActiveCfg = Debug|Any CPU
		{F4E9D25F-DDEF-44A7-B8CA-1CD4DF77D2E9}.Release|Any CPU.ActiveCfg = Release|Any CPU
		{F4E9D25F-DDEF-44A7-B8CA-1CD4DF77D2E9}.Release|Any CPU.Build.0 = Release|Any CPU
		{F4E9D25F-DDEF-44A7-B8CA-1CD4DF77D2E9}.Release|ARM.ActiveCfg = Release|Any CPU
		{F4E9D25F-DDEF-44A7-B8CA-1CD4DF77D2E9}.Release|Mixed Platforms.ActiveCfg = Release|Any CPU
		{F4E9D25F-DDEF-44A7-B8CA-1CD4DF77D2E9}.Release|Mixed Platforms.Build.0 = Release|Any CPU
		{F4E9D25F-DDEF-44A7-B8CA-1CD4DF77D2E9}.Release|Win32.ActiveCfg = Release|Any CPU
		{F4E9D25F-DDEF-44A7-B8CA-1CD4DF77D2E9}.Release|x86.ActiveCfg = Release|Any CPU
		{AEE13E39-6448-450B-8646-B6B945D3736D}.Debug|Any CPU.ActiveCfg = Debug|Any CPU
		{AEE13E39-6448-450B-8646-B6B945D3736D}.Debug|Any CPU.Build.0 = Debug|Any CPU
		{AEE13E39-6448-450B-8646-B6B945D3736D}.Debug|ARM.ActiveCfg = Debug|ARM
		{AEE13E39-6448-450B-8646-B6B945D3736D}.Debug|ARM.Build.0 = Debug|ARM
		{AEE13E39-6448-450B-8646-B6B945D3736D}.Debug|Mixed Platforms.ActiveCfg = Debug|x86
		{AEE13E39-6448-450B-8646-B6B945D3736D}.Debug|Mixed Platforms.Build.0 = Debug|x86
		{AEE13E39-6448-450B-8646-B6B945D3736D}.Debug|Win32.ActiveCfg = Debug|x86
		{AEE13E39-6448-450B-8646-B6B945D3736D}.Debug|Win32.Build.0 = Debug|x86
		{AEE13E39-6448-450B-8646-B6B945D3736D}.Debug|x86.ActiveCfg = Debug|x86
		{AEE13E39-6448-450B-8646-B6B945D3736D}.Debug|x86.Build.0 = Debug|x86
		{AEE13E39-6448-450B-8646-B6B945D3736D}.Release|Any CPU.ActiveCfg = Release|Any CPU
		{AEE13E39-6448-450B-8646-B6B945D3736D}.Release|Any CPU.Build.0 = Release|Any CPU
		{AEE13E39-6448-450B-8646-B6B945D3736D}.Release|ARM.ActiveCfg = Release|ARM
		{AEE13E39-6448-450B-8646-B6B945D3736D}.Release|ARM.Build.0 = Release|ARM
		{AEE13E39-6448-450B-8646-B6B945D3736D}.Release|Mixed Platforms.ActiveCfg = Release|x86
		{AEE13E39-6448-450B-8646-B6B945D3736D}.Release|Mixed Platforms.Build.0 = Release|x86
		{AEE13E39-6448-450B-8646-B6B945D3736D}.Release|Win32.ActiveCfg = Release|x86
		{AEE13E39-6448-450B-8646-B6B945D3736D}.Release|Win32.Build.0 = Release|x86
		{AEE13E39-6448-450B-8646-B6B945D3736D}.Release|x86.ActiveCfg = Release|x86
		{AEE13E39-6448-450B-8646-B6B945D3736D}.Release|x86.Build.0 = Release|x86
		{EE421B0C-C954-4616-97CB-71F6DBC82E15}.Debug|Any CPU.ActiveCfg = Debug|Any CPU
		{EE421B0C-C954-4616-97CB-71F6DBC82E15}.Debug|Any CPU.Build.0 = Debug|Any CPU
		{EE421B0C-C954-4616-97CB-71F6DBC82E15}.Debug|ARM.ActiveCfg = Debug|Any CPU
		{EE421B0C-C954-4616-97CB-71F6DBC82E15}.Debug|Mixed Platforms.ActiveCfg = Debug|Any CPU
		{EE421B0C-C954-4616-97CB-71F6DBC82E15}.Debug|Mixed Platforms.Build.0 = Debug|Any CPU
		{EE421B0C-C954-4616-97CB-71F6DBC82E15}.Debug|Win32.ActiveCfg = Debug|Any CPU
		{EE421B0C-C954-4616-97CB-71F6DBC82E15}.Debug|x86.ActiveCfg = Debug|Any CPU
		{EE421B0C-C954-4616-97CB-71F6DBC82E15}.Release|Any CPU.ActiveCfg = Release|Any CPU
		{EE421B0C-C954-4616-97CB-71F6DBC82E15}.Release|Any CPU.Build.0 = Release|Any CPU
		{EE421B0C-C954-4616-97CB-71F6DBC82E15}.Release|ARM.ActiveCfg = Release|Any CPU
		{EE421B0C-C954-4616-97CB-71F6DBC82E15}.Release|Mixed Platforms.ActiveCfg = Release|Any CPU
		{EE421B0C-C954-4616-97CB-71F6DBC82E15}.Release|Mixed Platforms.Build.0 = Release|Any CPU
		{EE421B0C-C954-4616-97CB-71F6DBC82E15}.Release|Win32.ActiveCfg = Release|Any CPU
		{EE421B0C-C954-4616-97CB-71F6DBC82E15}.Release|x86.ActiveCfg = Release|Any CPU
	EndGlobalSection
	GlobalSection(SolutionProperties) = preSolution
		HideSolutionNode = FALSE
	EndGlobalSection
	GlobalSection(NestedProjects) = preSolution
		{D1BE86BD-5E9C-4915-AA14-994FCC016B68} = {15AAB1FC-2362-4E8B-BDE7-DAAE041098CE}
		{36847667-84E1-4464-95A0-3E742460D768} = {15AAB1FC-2362-4E8B-BDE7-DAAE041098CE}
		{BC1AA566-D1E7-4AA5-AE93-E9A29490949C} = {15AAB1FC-2362-4E8B-BDE7-DAAE041098CE}
		{23D612D7-FFDA-42F5-87E6-DC5F31505548} = {15AAB1FC-2362-4E8B-BDE7-DAAE041098CE}
		{4D12B560-79F4-49A5-8AEC-1363EF1D90B9} = {15AAB1FC-2362-4E8B-BDE7-DAAE041098CE}
		{22AE5201-4526-4DA6-B138-BDE335BF5D40} = {15AAB1FC-2362-4E8B-BDE7-DAAE041098CE}
		{F4E9D25F-DDEF-44A7-B8CA-1CD4DF77D2E9} = {22AE5201-4526-4DA6-B138-BDE335BF5D40}
		{AEE13E39-6448-450B-8646-B6B945D3736D} = {22AE5201-4526-4DA6-B138-BDE335BF5D40}
		{EE421B0C-C954-4616-97CB-71F6DBC82E15} = {22AE5201-4526-4DA6-B138-BDE335BF5D40}
	EndGlobalSection
EndGlobal
